// !$*UTF8*$!
{
	archiveVersion = 1;
	classes = {
	};
	objectVersion = 46;
	objects = {

/* Begin PBXBuildFile section */
		8AE43D501CAB75CD00B59632 /* Model.swift in Sources */ = {isa = PBXBuildFile; fileRef = 8AE43D4F1CAB75CD00B59632 /* Model.swift */; };
		8AE43D521CAB837900B59632 /* CFNetwork.framework in Frameworks */ = {isa = PBXBuildFile; fileRef = 8AE43D511CAB837900B59632 /* CFNetwork.framework */; };
		8AE43D541CAB838100B59632 /* Security.framework in Frameworks */ = {isa = PBXBuildFile; fileRef = 8AE43D531CAB838100B59632 /* Security.framework */; };
		8AE43D561CAB838800B59632 /* SystemConfiguration.framework in Frameworks */ = {isa = PBXBuildFile; fileRef = 8AE43D551CAB838800B59632 /* SystemConfiguration.framework */; };
		8AE53C2F1CAA1C73005BFA1B /* AppDelegate.swift in Sources */ = {isa = PBXBuildFile; fileRef = 8AE53C2E1CAA1C73005BFA1B /* AppDelegate.swift */; };
		8AE53C341CAA1C73005BFA1B /* Main.storyboard in Resources */ = {isa = PBXBuildFile; fileRef = 8AE53C321CAA1C73005BFA1B /* Main.storyboard */; };
		8AE53C361CAA1C73005BFA1B /* Assets.xcassets in Resources */ = {isa = PBXBuildFile; fileRef = 8AE53C351CAA1C73005BFA1B /* Assets.xcassets */; };
		8AE53C391CAA1C73005BFA1B /* LaunchScreen.storyboard in Resources */ = {isa = PBXBuildFile; fileRef = 8AE53C371CAA1C73005BFA1B /* LaunchScreen.storyboard */; };
		8AE53C451CAA2C00005BFA1B /* library.pdf in Resources */ = {isa = PBXBuildFile; fileRef = 8AE53C441CAA2C00005BFA1B /* library.pdf */; };
		8AE53C471CAA2C32005BFA1B /* options.pdf in Resources */ = {isa = PBXBuildFile; fileRef = 8AE53C461CAA2C32005BFA1B /* options.pdf */; };
		8AE53C491CAA2E7B005BFA1B /* mybooks.pdf in Resources */ = {isa = PBXBuildFile; fileRef = 8AE53C481CAA2E7B005BFA1B /* mybooks.pdf */; };
		8AE53C4B1CAA2EDE005BFA1B /* Translate.swift in Sources */ = {isa = PBXBuildFile; fileRef = 8AE53C4A1CAA2EDE005BFA1B /* Translate.swift */; };
		8AE53C4D1CAA2FEA005BFA1B /* Extensions.swift in Sources */ = {isa = PBXBuildFile; fileRef = 8AE53C4C1CAA2FEA005BFA1B /* Extensions.swift */; };
		8AE53C4F1CAA3328005BFA1B /* MainVC.swift in Sources */ = {isa = PBXBuildFile; fileRef = 8AE53C4E1CAA3328005BFA1B /* MainVC.swift */; };
		8AE53C511CAA5FE0005BFA1B /* ViewController.swift in Sources */ = {isa = PBXBuildFile; fileRef = 8AE53C501CAA5FE0005BFA1B /* ViewController.swift */; };
		8AE53C531CAA7191005BFA1B /* TableViewController.swift in Sources */ = {isa = PBXBuildFile; fileRef = 8AE53C521CAA7191005BFA1B /* TableViewController.swift */; };
		8AE53C551CAA72BC005BFA1B /* CollectionViewController.swift in Sources */ = {isa = PBXBuildFile; fileRef = 8AE53C541CAA72BC005BFA1B /* CollectionViewController.swift */; };
		CD1A29EE33AD7DF0E048EC2A /* libPods.a in Frameworks */ = {isa = PBXBuildFile; fileRef = F1D17F6CA7DD29F30AA015ED /* libPods.a */; };
/* End PBXBuildFile section */

/* Begin PBXFileReference section */
		0415D24D4F3E2D4AEFE4EB0C /* Pods.debug.xcconfig */ = {isa = PBXFileReference; includeInIndex = 1; lastKnownFileType = text.xcconfig; name = Pods.debug.xcconfig; path = "Pods/Target Support Files/Pods/Pods.debug.xcconfig"; sourceTree = "<group>"; };
		85A10100191D5C2284D78DEB /* Pods.release.xcconfig */ = {isa = PBXFileReference; includeInIndex = 1; lastKnownFileType = text.xcconfig; name = Pods.release.xcconfig; path = "Pods/Target Support Files/Pods/Pods.release.xcconfig"; sourceTree = "<group>"; };
		8AE43D4F1CAB75CD00B59632 /* Model.swift */ = {isa = PBXFileReference; fileEncoding = 4; lastKnownFileType = sourcecode.swift; path = Model.swift; sourceTree = "<group>"; };
		8AE43D511CAB837900B59632 /* CFNetwork.framework */ = {isa = PBXFileReference; lastKnownFileType = wrapper.framework; name = CFNetwork.framework; path = System/Library/Frameworks/CFNetwork.framework; sourceTree = SDKROOT; };
		8AE43D531CAB838100B59632 /* Security.framework */ = {isa = PBXFileReference; lastKnownFileType = wrapper.framework; name = Security.framework; path = System/Library/Frameworks/Security.framework; sourceTree = SDKROOT; };
		8AE43D551CAB838800B59632 /* SystemConfiguration.framework */ = {isa = PBXFileReference; lastKnownFileType = wrapper.framework; name = SystemConfiguration.framework; path = System/Library/Frameworks/SystemConfiguration.framework; sourceTree = SDKROOT; };
		8AE43D571CAB83E100B59632 /* libc++.tbd */ = {isa = PBXFileReference; lastKnownFileType = "sourcecode.text-based-dylib-definition"; name = "libc++.tbd"; path = "usr/lib/libc++.tbd"; sourceTree = SDKROOT; };
		8AE43D591CAB83E900B59632 /* libFirebase.a */ = {isa = PBXFileReference; lastKnownFileType = archive.ar; name = libFirebase.a; path = "Pods/../build/Debug-iphoneos/libFirebase.a"; sourceTree = "<group>"; };
		8AE43D5B1CAB856000B59632 /* bookshop_ios-Bridging-Header.h */ = {isa = PBXFileReference; fileEncoding = 4; lastKnownFileType = sourcecode.c.h; path = "bookshop_ios-Bridging-Header.h"; sourceTree = "<group>"; };
		8AE53C2B1CAA1C73005BFA1B /* bookshop_ios.app */ = {isa = PBXFileReference; explicitFileType = wrapper.application; includeInIndex = 0; path = bookshop_ios.app; sourceTree = BUILT_PRODUCTS_DIR; };
		8AE53C2E1CAA1C73005BFA1B /* AppDelegate.swift */ = {isa = PBXFileReference; lastKnownFileType = sourcecode.swift; path = AppDelegate.swift; sourceTree = "<group>"; };
		8AE53C331CAA1C73005BFA1B /* Base */ = {isa = PBXFileReference; lastKnownFileType = file.storyboard; name = Base; path = Base.lproj/Main.storyboard; sourceTree = "<group>"; };
		8AE53C351CAA1C73005BFA1B /* Assets.xcassets */ = {isa = PBXFileReference; lastKnownFileType = folder.assetcatalog; path = Assets.xcassets; sourceTree = "<group>"; };
		8AE53C381CAA1C73005BFA1B /* Base */ = {isa = PBXFileReference; lastKnownFileType = file.storyboard; name = Base; path = Base.lproj/LaunchScreen.storyboard; sourceTree = "<group>"; };
		8AE53C3A1CAA1C73005BFA1B /* Info.plist */ = {isa = PBXFileReference; lastKnownFileType = text.plist.xml; path = Info.plist; sourceTree = "<group>"; };
		8AE53C441CAA2C00005BFA1B /* library.pdf */ = {isa = PBXFileReference; lastKnownFileType = image.pdf; path = library.pdf; sourceTree = "<group>"; };
		8AE53C461CAA2C32005BFA1B /* options.pdf */ = {isa = PBXFileReference; lastKnownFileType = image.pdf; path = options.pdf; sourceTree = "<group>"; };
		8AE53C481CAA2E7B005BFA1B /* mybooks.pdf */ = {isa = PBXFileReference; lastKnownFileType = image.pdf; path = mybooks.pdf; sourceTree = "<group>"; };
		8AE53C4A1CAA2EDE005BFA1B /* Translate.swift */ = {isa = PBXFileReference; fileEncoding = 4; lastKnownFileType = sourcecode.swift; path = Translate.swift; sourceTree = "<group>"; };
		8AE53C4C1CAA2FEA005BFA1B /* Extensions.swift */ = {isa = PBXFileReference; fileEncoding = 4; lastKnownFileType = sourcecode.swift; path = Extensions.swift; sourceTree = "<group>"; };
		8AE53C4E1CAA3328005BFA1B /* MainVC.swift */ = {isa = PBXFileReference; fileEncoding = 4; lastKnownFileType = sourcecode.swift; path = MainVC.swift; sourceTree = "<group>"; };
		8AE53C501CAA5FE0005BFA1B /* ViewController.swift */ = {isa = PBXFileReference; fileEncoding = 4; lastKnownFileType = sourcecode.swift; path = ViewController.swift; sourceTree = "<group>"; };
		8AE53C521CAA7191005BFA1B /* TableViewController.swift */ = {isa = PBXFileReference; fileEncoding = 4; lastKnownFileType = sourcecode.swift; path = TableViewController.swift; sourceTree = "<group>"; };
		8AE53C541CAA72BC005BFA1B /* CollectionViewController.swift */ = {isa = PBXFileReference; fileEncoding = 4; lastKnownFileType = sourcecode.swift; path = CollectionViewController.swift; sourceTree = "<group>"; };
		F1D17F6CA7DD29F30AA015ED /* libPods.a */ = {isa = PBXFileReference; explicitFileType = archive.ar; includeInIndex = 0; path = libPods.a; sourceTree = BUILT_PRODUCTS_DIR; };
/* End PBXFileReference section */

/* Begin PBXFrameworksBuildPhase section */
		8AE53C281CAA1C72005BFA1B /* Frameworks */ = {
			isa = PBXFrameworksBuildPhase;
			buildActionMask = 2147483647;
			files = (
				8AE43D561CAB838800B59632 /* SystemConfiguration.framework in Frameworks */,
				8AE43D541CAB838100B59632 /* Security.framework in Frameworks */,
				8AE43D521CAB837900B59632 /* CFNetwork.framework in Frameworks */,
				CD1A29EE33AD7DF0E048EC2A /* libPods.a in Frameworks */,
			);
			runOnlyForDeploymentPostprocessing = 0;
		};
/* End PBXFrameworksBuildPhase section */

/* Begin PBXGroup section */
		7AD7EAE8A99F412A86EFD6F0 /* Pods */ = {
			isa = PBXGroup;
			children = (
				0415D24D4F3E2D4AEFE4EB0C /* Pods.debug.xcconfig */,
				85A10100191D5C2284D78DEB /* Pods.release.xcconfig */,
			);
			name = Pods;
			sourceTree = "<group>";
		};
		8AE53C221CAA1C72005BFA1B = {
			isa = PBXGroup;
			children = (
				8AE53C2D1CAA1C73005BFA1B /* bookshop_ios */,
				8AE53C2C1CAA1C73005BFA1B /* Products */,
				7AD7EAE8A99F412A86EFD6F0 /* Pods */,
				DF46A29C60AE84CCB1D178AF /* Frameworks */,
			);
			sourceTree = "<group>";
		};
		8AE53C2C1CAA1C73005BFA1B /* Products */ = {
			isa = PBXGroup;
			children = (
				8AE53C2B1CAA1C73005BFA1B /* bookshop_ios.app */,
			);
			name = Products;
			sourceTree = "<group>";
		};
		8AE53C2D1CAA1C73005BFA1B /* bookshop_ios */ = {
			isa = PBXGroup;
			children = (
				8AE53C431CAA2B8E005BFA1B /* icons */,
				8AE53C2E1CAA1C73005BFA1B /* AppDelegate.swift */,
				8AE53C4E1CAA3328005BFA1B /* MainVC.swift */,
				8AE43D4F1CAB75CD00B59632 /* Model.swift */,
				8AE53C501CAA5FE0005BFA1B /* ViewController.swift */,
				8AE53C521CAA7191005BFA1B /* TableViewController.swift */,
				8AE53C541CAA72BC005BFA1B /* CollectionViewController.swift */,
				8AE53C4A1CAA2EDE005BFA1B /* Translate.swift */,
				8AE53C4C1CAA2FEA005BFA1B /* Extensions.swift */,
				8AE53C321CAA1C73005BFA1B /* Main.storyboard */,
				8AE53C351CAA1C73005BFA1B /* Assets.xcassets */,
				8AE53C371CAA1C73005BFA1B /* LaunchScreen.storyboard */,
				8AE53C3A1CAA1C73005BFA1B /* Info.plist */,
				8AE43D5B1CAB856000B59632 /* bookshop_ios-Bridging-Header.h */,
			);
			path = bookshop_ios;
			sourceTree = "<group>";
		};
		8AE53C431CAA2B8E005BFA1B /* icons */ = {
			isa = PBXGroup;
			children = (
				8AE53C481CAA2E7B005BFA1B /* mybooks.pdf */,
				8AE53C461CAA2C32005BFA1B /* options.pdf */,
				8AE53C441CAA2C00005BFA1B /* library.pdf */,
			);
			path = icons;
			sourceTree = "<group>";
		};
		DF46A29C60AE84CCB1D178AF /* Frameworks */ = {
			isa = PBXGroup;
			children = (
				8AE43D591CAB83E900B59632 /* libFirebase.a */,
				8AE43D571CAB83E100B59632 /* libc++.tbd */,
				8AE43D551CAB838800B59632 /* SystemConfiguration.framework */,
				8AE43D531CAB838100B59632 /* Security.framework */,
				8AE43D511CAB837900B59632 /* CFNetwork.framework */,
				F1D17F6CA7DD29F30AA015ED /* libPods.a */,
			);
			name = Frameworks;
			sourceTree = "<group>";
		};
/* End PBXGroup section */

/* Begin PBXNativeTarget section */
		8AE53C2A1CAA1C72005BFA1B /* bookshop_ios */ = {
			isa = PBXNativeTarget;
			buildConfigurationList = 8AE53C3D1CAA1C73005BFA1B /* Build configuration list for PBXNativeTarget "bookshop_ios" */;
			buildPhases = (
				EB7EE629A419310BF7154CA9 /* Check Pods Manifest.lock */,
				8AE53C271CAA1C72005BFA1B /* Sources */,
				8AE53C281CAA1C72005BFA1B /* Frameworks */,
				8AE53C291CAA1C72005BFA1B /* Resources */,
				818BFA45450163685899C681 /* Embed Pods Frameworks */,
				B815D7736EF9D5D90EA18F15 /* Copy Pods Resources */,
			);
			buildRules = (
			);
			dependencies = (
			);
			name = bookshop_ios;
			productName = bookshop_ios;
			productReference = 8AE53C2B1CAA1C73005BFA1B /* bookshop_ios.app */;
			productType = "com.apple.product-type.application";
		};
/* End PBXNativeTarget section */

/* Begin PBXProject section */
		8AE53C231CAA1C72005BFA1B /* Project object */ = {
			isa = PBXProject;
			attributes = {
				LastSwiftUpdateCheck = 0720;
				LastUpgradeCheck = 0720;
				ORGANIZATIONNAME = "Alexey Smirnov";
				TargetAttributes = {
					8AE53C2A1CAA1C72005BFA1B = {
						CreatedOnToolsVersion = 7.2.1;
					};
				};
			};
			buildConfigurationList = 8AE53C261CAA1C72005BFA1B /* Build configuration list for PBXProject "bookshop_ios" */;
			compatibilityVersion = "Xcode 3.2";
			developmentRegion = English;
			hasScannedForEncodings = 0;
			knownRegions = (
				en,
				Base,
			);
			mainGroup = 8AE53C221CAA1C72005BFA1B;
			productRefGroup = 8AE53C2C1CAA1C73005BFA1B /* Products */;
			projectDirPath = "";
			projectRoot = "";
			targets = (
				8AE53C2A1CAA1C72005BFA1B /* bookshop_ios */,
			);
		};
/* End PBXProject section */

/* Begin PBXResourcesBuildPhase section */
		8AE53C291CAA1C72005BFA1B /* Resources */ = {
			isa = PBXResourcesBuildPhase;
			buildActionMask = 2147483647;
			files = (
				8AE53C451CAA2C00005BFA1B /* library.pdf in Resources */,
				8AE53C491CAA2E7B005BFA1B /* mybooks.pdf in Resources */,
				8AE53C391CAA1C73005BFA1B /* LaunchScreen.storyboard in Resources */,
				8AE53C361CAA1C73005BFA1B /* Assets.xcassets in Resources */,
				8AE53C471CAA2C32005BFA1B /* options.pdf in Resources */,
				8AE53C341CAA1C73005BFA1B /* Main.storyboard in Resources */,
			);
			runOnlyForDeploymentPostprocessing = 0;
		};
/* End PBXResourcesBuildPhase section */

/* Begin PBXShellScriptBuildPhase section */
		818BFA45450163685899C681 /* Embed Pods Frameworks */ = {
			isa = PBXShellScriptBuildPhase;
			buildActionMask = 2147483647;
			files = (
			);
			inputPaths = (
			);
			name = "Embed Pods Frameworks";
			outputPaths = (
			);
			runOnlyForDeploymentPostprocessing = 0;
			shellPath = /bin/sh;
			shellScript = "\"${SRCROOT}/Pods/Target Support Files/Pods/Pods-frameworks.sh\"\n";
			showEnvVarsInLog = 0;
		};
		B815D7736EF9D5D90EA18F15 /* Copy Pods Resources */ = {
			isa = PBXShellScriptBuildPhase;
			buildActionMask = 2147483647;
			files = (
			);
			inputPaths = (
			);
			name = "Copy Pods Resources";
			outputPaths = (
			);
			runOnlyForDeploymentPostprocessing = 0;
			shellPath = /bin/sh;
			shellScript = "\"${SRCROOT}/Pods/Target Support Files/Pods/Pods-resources.sh\"\n";
			showEnvVarsInLog = 0;
		};
		EB7EE629A419310BF7154CA9 /* Check Pods Manifest.lock */ = {
			isa = PBXShellScriptBuildPhase;
			buildActionMask = 2147483647;
			files = (
			);
			inputPaths = (
			);
			name = "Check Pods Manifest.lock";
			outputPaths = (
			);
			runOnlyForDeploymentPostprocessing = 0;
			shellPath = /bin/sh;
			shellScript = "diff \"${PODS_ROOT}/../Podfile.lock\" \"${PODS_ROOT}/Manifest.lock\" > /dev/null\nif [[ $? != 0 ]] ; then\n    cat << EOM\nerror: The sandbox is not in sync with the Podfile.lock. Run 'pod install' or update your CocoaPods installation.\nEOM\n    exit 1\nfi\n";
			showEnvVarsInLog = 0;
		};
/* End PBXShellScriptBuildPhase section */

/* Begin PBXSourcesBuildPhase section */
		8AE53C271CAA1C72005BFA1B /* Sources */ = {
			isa = PBXSourcesBuildPhase;
			buildActionMask = 2147483647;
			files = (
				8AE53C511CAA5FE0005BFA1B /* ViewController.swift in Sources */,
				8AE53C531CAA7191005BFA1B /* TableViewController.swift in Sources */,
				8AE53C4F1CAA3328005BFA1B /* MainVC.swift in Sources */,
				8AE53C2F1CAA1C73005BFA1B /* AppDelegate.swift in Sources */,
				8AE53C551CAA72BC005BFA1B /* CollectionViewController.swift in Sources */,
				8AE53C4B1CAA2EDE005BFA1B /* Translate.swift in Sources */,
				8AE53C4D1CAA2FEA005BFA1B /* Extensions.swift in Sources */,
				8AE43D501CAB75CD00B59632 /* Model.swift in Sources */,
			);
			runOnlyForDeploymentPostprocessing = 0;
		};
/* End PBXSourcesBuildPhase section */

/* Begin PBXVariantGroup section */
		8AE53C321CAA1C73005BFA1B /* Main.storyboard */ = {
			isa = PBXVariantGroup;
			children = (
				8AE53C331CAA1C73005BFA1B /* Base */,
			);
			name = Main.storyboard;
			sourceTree = "<group>";
		};
		8AE53C371CAA1C73005BFA1B /* LaunchScreen.storyboard */ = {
			isa = PBXVariantGroup;
			children = (
				8AE53C381CAA1C73005BFA1B /* Base */,
			);
			name = LaunchScreen.storyboard;
			sourceTree = "<group>";
		};
/* End PBXVariantGroup section */

/* Begin XCBuildConfiguration section */
		8AE53C3B1CAA1C73005BFA1B /* Debug */ = {
			isa = XCBuildConfiguration;
			buildSettings = {
				ALWAYS_SEARCH_USER_PATHS = NO;
				CLANG_CXX_LANGUAGE_STANDARD = "gnu++0x";
				CLANG_CXX_LIBRARY = "libc++";
				CLANG_ENABLE_MODULES = YES;
				CLANG_ENABLE_OBJC_ARC = YES;
				CLANG_WARN_BOOL_CONVERSION = YES;
				CLANG_WARN_CONSTANT_CONVERSION = YES;
				CLANG_WARN_DIRECT_OBJC_ISA_USAGE = YES_ERROR;
				CLANG_WARN_EMPTY_BODY = YES;
				CLANG_WARN_ENUM_CONVERSION = YES;
				CLANG_WARN_INT_CONVERSION = YES;
				CLANG_WARN_OBJC_ROOT_CLASS = YES_ERROR;
				CLANG_WARN_UNREACHABLE_CODE = YES;
				CLANG_WARN__DUPLICATE_METHOD_MATCH = YES;
				"CODE_SIGN_IDENTITY[sdk=iphoneos*]" = "iPhone Developer";
				COPY_PHASE_STRIP = NO;
				DEBUG_INFORMATION_FORMAT = dwarf;
				ENABLE_STRICT_OBJC_MSGSEND = YES;
				ENABLE_TESTABILITY = YES;
				GCC_C_LANGUAGE_STANDARD = gnu99;
				GCC_DYNAMIC_NO_PIC = NO;
				GCC_NO_COMMON_BLOCKS = YES;
				GCC_OPTIMIZATION_LEVEL = 0;
				GCC_PREPROCESSOR_DEFINITIONS = (
					"DEBUG=1",
					"$(inherited)",
				);
				GCC_WARN_64_TO_32_BIT_CONVERSION = YES;
				GCC_WARN_ABOUT_RETURN_TYPE = YES_ERROR;
				GCC_WARN_UNDECLARED_SELECTOR = YES;
				GCC_WARN_UNINITIALIZED_AUTOS = YES_AGGRESSIVE;
				GCC_WARN_UNUSED_FUNCTION = YES;
				GCC_WARN_UNUSED_VARIABLE = YES;
				IPHONEOS_DEPLOYMENT_TARGET = 8.0;
				MTL_ENABLE_DEBUG_INFO = YES;
				ONLY_ACTIVE_ARCH = YES;
				SDKROOT = iphoneos;
				SWIFT_OPTIMIZATION_LEVEL = "-Onone";
				TARGETED_DEVICE_FAMILY = "1,2";
			};
			name = Debug;
		};
		8AE53C3C1CAA1C73005BFA1B /* Release */ = {
			isa = XCBuildConfiguration;
			buildSettings = {
				ALWAYS_SEARCH_USER_PATHS = NO;
				CLANG_CXX_LANGUAGE_STANDARD = "gnu++0x";
				CLANG_CXX_LIBRARY = "libc++";
				CLANG_ENABLE_MODULES = YES;
				CLANG_ENABLE_OBJC_ARC = YES;
				CLANG_WARN_BOOL_CONVERSION = YES;
				CLANG_WARN_CONSTANT_CONVERSION = YES;
				CLANG_WARN_DIRECT_OBJC_ISA_USAGE = YES_ERROR;
				CLANG_WARN_EMPTY_BODY = YES;
				CLANG_WARN_ENUM_CONVERSION = YES;
				CLANG_WARN_INT_CONVERSION = YES;
				CLANG_WARN_OBJC_ROOT_CLASS = YES_ERROR;
				CLANG_WARN_UNREACHABLE_CODE = YES;
				CLANG_WARN__DUPLICATE_METHOD_MATCH = YES;
				"CODE_SIGN_IDENTITY[sdk=iphoneos*]" = "iPhone Developer";
				COPY_PHASE_STRIP = NO;
				DEBUG_INFORMATION_FORMAT = "dwarf-with-dsym";
				ENABLE_NS_ASSERTIONS = NO;
				ENABLE_STRICT_OBJC_MSGSEND = YES;
				GCC_C_LANGUAGE_STANDARD = gnu99;
				GCC_NO_COMMON_BLOCKS = YES;
				GCC_WARN_64_TO_32_BIT_CONVERSION = YES;
				GCC_WARN_ABOUT_RETURN_TYPE = YES_ERROR;
				GCC_WARN_UNDECLARED_SELECTOR = YES;
				GCC_WARN_UNINITIALIZED_AUTOS = YES_AGGRESSIVE;
				GCC_WARN_UNUSED_FUNCTION = YES;
				GCC_WARN_UNUSED_VARIABLE = YES;
				IPHONEOS_DEPLOYMENT_TARGET = 8.0;
				MTL_ENABLE_DEBUG_INFO = NO;
				SDKROOT = iphoneos;
				TARGETED_DEVICE_FAMILY = "1,2";
				VALIDATE_PRODUCT = YES;
			};
			name = Release;
		};
		8AE53C3E1CAA1C73005BFA1B /* Debug */ = {
			isa = XCBuildConfiguration;
			baseConfigurationReference = 0415D24D4F3E2D4AEFE4EB0C /* Pods.debug.xcconfig */;
			buildSettings = {
				ASSETCATALOG_COMPILER_APPICON_NAME = AppIcon;
				INFOPLIST_FILE = bookshop_ios/Info.plist;
				LD_RUNPATH_SEARCH_PATHS = "$(inherited) @executable_path/Frameworks";
				LIBRARY_SEARCH_PATHS = (
					"$(inherited)",
					"$(PROJECT_DIR)/build/Debug-iphoneos",
				);
				PRODUCT_BUNDLE_IDENTIFIER = "com.rlc.bookshop-ios";
				PRODUCT_NAME = "$(TARGET_NAME)";
				SWIFT_OBJC_BRIDGING_HEADER = "bookshop_ios/bookshop_ios-Bridging-Header.h";
			};
			name = Debug;
		};
		8AE53C3F1CAA1C73005BFA1B /* Release */ = {
			isa = XCBuildConfiguration;
			baseConfigurationReference = 85A10100191D5C2284D78DEB /* Pods.release.xcconfig */;
			buildSettings = {
				ASSETCATALOG_COMPILER_APPICON_NAME = AppIcon;
				INFOPLIST_FILE = bookshop_ios/Info.plist;
				LD_RUNPATH_SEARCH_PATHS = "$(inherited) @executable_path/Frameworks";
				LIBRARY_SEARCH_PATHS = (
					"$(inherited)",
					"$(PROJECT_DIR)/build/Debug-iphoneos",
				);
				PRODUCT_BUNDLE_IDENTIFIER = "com.rlc.bookshop-ios";
				PRODUCT_NAME = "$(TARGET_NAME)";
				SWIFT_OBJC_BRIDGING_HEADER = "bookshop_ios/bookshop_ios-Bridging-Header.h";
			};
			name = Release;
		};
/* End XCBuildConfiguration section */

/* Begin XCConfigurationList section */
		8AE53C261CAA1C72005BFA1B /* Build configuration list for PBXProject "bookshop_ios" */ = {
			isa = XCConfigurationList;
			buildConfigurations = (
				8AE53C3B1CAA1C73005BFA1B /* Debug */,
				8AE53C3C1CAA1C73005BFA1B /* Release */,
			);
			defaultConfigurationIsVisible = 0;
			defaultConfigurationName = Release;
		};
		8AE53C3D1CAA1C73005BFA1B /* Build configuration list for PBXNativeTarget "bookshop_ios" */ = {
			isa = XCConfigurationList;
			buildConfigurations = (
				8AE53C3E1CAA1C73005BFA1B /* Debug */,
				8AE53C3F1CAA1C73005BFA1B /* Release */,
			);
			defaultConfigurationIsVisible = 0;
			defaultConfigurationName = Release;
		};
/* End XCConfigurationList section */
	};
	rootObject = 8AE53C231CAA1C72005BFA1B /* Project object */;
}
