// !$*UTF8*$!
{
	archiveVersion = 1;
	classes = {
	};
	objectVersion = 46;
	objects = {

/* Begin PBXBuildFile section */
		8A0096091CB2555F005A2980 /* view_grid.pdf in Resources */ = {isa = PBXBuildFile; fileRef = 8A0096071CB2555F005A2980 /* view_grid.pdf */; };
		8A00960A1CB2555F005A2980 /* view_list.pdf in Resources */ = {isa = PBXBuildFile; fileRef = 8A0096081CB2555F005A2980 /* view_list.pdf */; };
		8A00960C1CB261FD005A2980 /* CollectionViewCell.swift in Sources */ = {isa = PBXBuildFile; fileRef = 8A00960B1CB261FD005A2980 /* CollectionViewCell.swift */; };
		8A1183E71CBB43F300AA7C3E /* ActionManager.swift in Sources */ = {isa = PBXBuildFile; fileRef = 8A1183E61CBB43F300AA7C3E /* ActionManager.swift */; };
		8A1183EC1CBB942B00AA7C3E /* PopoverViewController.swift in Sources */ = {isa = PBXBuildFile; fileRef = 8A1183EB1CBB942B00AA7C3E /* PopoverViewController.swift */; };
		8A20DF061CBDE6AB0087751D /* DownloadManager.swift in Sources */ = {isa = PBXBuildFile; fileRef = 8A20DF051CBDE6AB0087751D /* DownloadManager.swift */; };
		8A20DF0B1CBE4F320087751D /* PreviewManager.swift in Sources */ = {isa = PBXBuildFile; fileRef = 8A20DF0A1CBE4F320087751D /* PreviewManager.swift */; };
		8A2F4F581F57B48F007C00A4 /* Obl_ep.JPG in Resources */ = {isa = PBXBuildFile; fileRef = 8A2F4F531F57B48F007C00A4 /* Obl_ep.JPG */; };
		8A2F4F591F57B48F007C00A4 /* petrkam1.jpg in Resources */ = {isa = PBXBuildFile; fileRef = 8A2F4F541F57B48F007C00A4 /* petrkam1.jpg */; };
		8A2F4F5A1F57B48F007C00A4 /* score.jpg in Resources */ = {isa = PBXBuildFile; fileRef = 8A2F4F551F57B48F007C00A4 /* score.jpg */; };
		8A2F4F5B1F57B48F007C00A4 /* Seraphim.jpg in Resources */ = {isa = PBXBuildFile; fileRef = 8A2F4F561F57B48F007C00A4 /* Seraphim.jpg */; };
		8A2F4F5C1F57B48F007C00A4 /* Transfiguration.jpg in Resources */ = {isa = PBXBuildFile; fileRef = 8A2F4F571F57B48F007C00A4 /* Transfiguration.jpg */; };
		8A33B38D1CC381AC003D6CE0 /* trans_ru.plist in Resources */ = {isa = PBXBuildFile; fileRef = 8A33B38C1CC381AC003D6CE0 /* trans_ru.plist */; };
		8A33B38F1CC38785003D6CE0 /* trans_zh_cn.plist in Resources */ = {isa = PBXBuildFile; fileRef = 8A33B38E1CC38785003D6CE0 /* trans_zh_cn.plist */; };
		8A33B3911CC387B7003D6CE0 /* trans_zh_hk.plist in Resources */ = {isa = PBXBuildFile; fileRef = 8A33B3901CC387B7003D6CE0 /* trans_zh_hk.plist */; };
		8A3960B31CC9D6C7002F693B /* Appirater.m in Sources */ = {isa = PBXBuildFile; fileRef = 8A3960B21CC9D6C6002F693B /* Appirater.m */; };
		8A3960B81CCA0EF9002F693B /* prayerbookSimpl.jpg in Resources */ = {isa = PBXBuildFile; fileRef = 8A3960B61CCA0EF9002F693B /* prayerbookSimpl.jpg */; };
		8A3960B91CCA0EF9002F693B /* PrayerbookTrad.jpg in Resources */ = {isa = PBXBuildFile; fileRef = 8A3960B71CCA0EF9002F693B /* PrayerbookTrad.jpg */; };
		8A402D6B1CC5D4A7007FA8A6 /* launch-hd4.7.png in Resources */ = {isa = PBXBuildFile; fileRef = 8A402D611CC5D4A7007FA8A6 /* launch-hd4.7.png */; };
		8A402D6C1CC5D4A7007FA8A6 /* launch-hd5.5-landscape.png in Resources */ = {isa = PBXBuildFile; fileRef = 8A402D621CC5D4A7007FA8A6 /* launch-hd5.5-landscape.png */; };
		8A402D6D1CC5D4A7007FA8A6 /* launch-hd5.5.png in Resources */ = {isa = PBXBuildFile; fileRef = 8A402D631CC5D4A7007FA8A6 /* launch-hd5.5.png */; };
		8A402D6E1CC5D4A7007FA8A6 /* launch-ipad.png in Resources */ = {isa = PBXBuildFile; fileRef = 8A402D641CC5D4A7007FA8A6 /* launch-ipad.png */; };
		8A402D6F1CC5D4A7007FA8A6 /* launch-ipad@2x.png in Resources */ = {isa = PBXBuildFile; fileRef = 8A402D651CC5D4A7007FA8A6 /* launch-ipad@2x.png */; };
		8A402D701CC5D4A7007FA8A6 /* launch-iphone@2x.png in Resources */ = {isa = PBXBuildFile; fileRef = 8A402D661CC5D4A7007FA8A6 /* launch-iphone@2x.png */; };
		8A402D711CC5D4A7007FA8A6 /* launch-iphone4.png in Resources */ = {isa = PBXBuildFile; fileRef = 8A402D671CC5D4A7007FA8A6 /* launch-iphone4.png */; };
		8A402D721CC5D4A7007FA8A6 /* launch-iphone4@2x.png in Resources */ = {isa = PBXBuildFile; fileRef = 8A402D681CC5D4A7007FA8A6 /* launch-iphone4@2x.png */; };
		8A402D731CC5D4A7007FA8A6 /* launch-landscape.png in Resources */ = {isa = PBXBuildFile; fileRef = 8A402D691CC5D4A7007FA8A6 /* launch-landscape.png */; };
		8A402D741CC5D4A7007FA8A6 /* launch-landscape@2x.png in Resources */ = {isa = PBXBuildFile; fileRef = 8A402D6A1CC5D4A7007FA8A6 /* launch-landscape@2x.png */; };
		8A402D7E1CC5DB43007FA8A6 /* bookshop29.png in Resources */ = {isa = PBXBuildFile; fileRef = 8A402D751CC5DB43007FA8A6 /* bookshop29.png */; };
		8A402D7F1CC5DB43007FA8A6 /* bookshop40.png in Resources */ = {isa = PBXBuildFile; fileRef = 8A402D761CC5DB43007FA8A6 /* bookshop40.png */; };
		8A402D801CC5DB43007FA8A6 /* bookshop58.png in Resources */ = {isa = PBXBuildFile; fileRef = 8A402D771CC5DB43007FA8A6 /* bookshop58.png */; };
		8A402D811CC5DB43007FA8A6 /* bookshop76.png in Resources */ = {isa = PBXBuildFile; fileRef = 8A402D781CC5DB43007FA8A6 /* bookshop76.png */; };
		8A402D821CC5DB43007FA8A6 /* bookshop80.png in Resources */ = {isa = PBXBuildFile; fileRef = 8A402D791CC5DB43007FA8A6 /* bookshop80.png */; };
		8A402D831CC5DB43007FA8A6 /* bookshop87.png in Resources */ = {isa = PBXBuildFile; fileRef = 8A402D7A1CC5DB43007FA8A6 /* bookshop87.png */; };
		8A402D841CC5DB43007FA8A6 /* bookshop120.png in Resources */ = {isa = PBXBuildFile; fileRef = 8A402D7B1CC5DB43007FA8A6 /* bookshop120.png */; };
		8A402D851CC5DB43007FA8A6 /* bookshop152.png in Resources */ = {isa = PBXBuildFile; fileRef = 8A402D7C1CC5DB43007FA8A6 /* bookshop152.png */; };
		8A402D861CC5DB43007FA8A6 /* bookshop180.png in Resources */ = {isa = PBXBuildFile; fileRef = 8A402D7D1CC5DB43007FA8A6 /* bookshop180.png */; };
		8A402DA81CC61DAD007FA8A6 /* baptism1.jpg in Resources */ = {isa = PBXBuildFile; fileRef = 8A402D881CC61DAD007FA8A6 /* baptism1.jpg */; };
		8A402DA91CC61DAD007FA8A6 /* cover_en1.jpg in Resources */ = {isa = PBXBuildFile; fileRef = 8A402D891CC61DAD007FA8A6 /* cover_en1.jpg */; };
		8A402DAA1CC61DAD007FA8A6 /* cover_ru1.jpg in Resources */ = {isa = PBXBuildFile; fileRef = 8A402D8A1CC61DAD007FA8A6 /* cover_ru1.jpg */; };
		8A402DAB1CC61DAD007FA8A6 /* damaskin.jpg in Resources */ = {isa = PBXBuildFile; fileRef = 8A402D8B1CC61DAD007FA8A6 /* damaskin.jpg */; };
		8A402DAC1CC61DAD007FA8A6 /* EasterKanon.jpg in Resources */ = {isa = PBXBuildFile; fileRef = 8A402D8C1CC61DAD007FA8A6 /* EasterKanon.jpg */; };
		8A402DAD1CC61DAD007FA8A6 /* feasts1.jpg in Resources */ = {isa = PBXBuildFile; fileRef = 8A402D8D1CC61DAD007FA8A6 /* feasts1.jpg */; };
		8A402DAE1CC61DAD007FA8A6 /* HOURS_Cover.jpg in Resources */ = {isa = PBXBuildFile; fileRef = 8A402D8E1CC61DAD007FA8A6 /* HOURS_Cover.jpg */; };
		8A402DAF1CC61DAD007FA8A6 /* ispoved.jpg in Resources */ = {isa = PBXBuildFile; fileRef = 8A402D8F1CC61DAD007FA8A6 /* ispoved.jpg */; };
		8A402DB01CC61DAD007FA8A6 /* katechisis.jpg in Resources */ = {isa = PBXBuildFile; fileRef = 8A402D901CC61DAD007FA8A6 /* katechisis.jpg */; };
		8A402DB11CC61DAD007FA8A6 /* leaflets.jpg in Resources */ = {isa = PBXBuildFile; fileRef = 8A402D911CC61DAD007FA8A6 /* leaflets.jpg */; };
		8A402DB21CC61DAD007FA8A6 /* litcover.jpg in Resources */ = {isa = PBXBuildFile; fileRef = 8A402D921CC61DAD007FA8A6 /* litcover.jpg */; };
		8A402DB31CC61DAD007FA8A6 /* liturguia.jpg in Resources */ = {isa = PBXBuildFile; fileRef = 8A402D931CC61DAD007FA8A6 /* liturguia.jpg */; };
		8A402DB41CC61DAD007FA8A6 /* LiturgyCover.jpg in Resources */ = {isa = PBXBuildFile; fileRef = 8A402D941CC61DAD007FA8A6 /* LiturgyCover.jpg */; };
		8A402DB51CC61DAD007FA8A6 /* maria1.jpg in Resources */ = {isa = PBXBuildFile; fileRef = 8A402D951CC61DAD007FA8A6 /* maria1.jpg */; };
		8A402DB61CC61DAD007FA8A6 /* MatinsFrstHr_Cover.jpg in Resources */ = {isa = PBXBuildFile; fileRef = 8A402D961CC61DAD007FA8A6 /* MatinsFrstHr_Cover.jpg */; };
		8A402DB81CC61DAD007FA8A6 /* monahoscover_1.jpg in Resources */ = {isa = PBXBuildFile; fileRef = 8A402D981CC61DAD007FA8A6 /* monahoscover_1.jpg */; };
		8A402DB91CC61DAD007FA8A6 /* oblog_ispoved.jpg in Resources */ = {isa = PBXBuildFile; fileRef = 8A402D991CC61DAD007FA8A6 /* oblog_ispoved.jpg */; };
		8A402DBA1CC61DAD007FA8A6 /* oblog_prichastie_prit_3.jpg in Resources */ = {isa = PBXBuildFile; fileRef = 8A402D9A1CC61DAD007FA8A6 /* oblog_prichastie_prit_3.jpg */; };
		8A402DBB1CC61DAD007FA8A6 /* obloga_ob5.jpg in Resources */ = {isa = PBXBuildFile; fileRef = 8A402D9B1CC61DAD007FA8A6 /* obloga_ob5.jpg */; };
		8A402DBC1CC61DAD007FA8A6 /* pravoslavie.jpg in Resources */ = {isa = PBXBuildFile; fileRef = 8A402D9C1CC61DAD007FA8A6 /* pravoslavie.jpg */; };
		8A402DBD1CC61DAD007FA8A6 /* sergiy.jpg in Resources */ = {isa = PBXBuildFile; fileRef = 8A402D9D1CC61DAD007FA8A6 /* sergiy.jpg */; };
		8A402DBE1CC61DAD007FA8A6 /* ServiceVespers.jpg in Resources */ = {isa = PBXBuildFile; fileRef = 8A402D9E1CC61DAD007FA8A6 /* ServiceVespers.jpg */; };
		8A402DBF1CC61DAD007FA8A6 /* simeon1.jpg in Resources */ = {isa = PBXBuildFile; fileRef = 8A402D9F1CC61DAD007FA8A6 /* simeon1.jpg */; };
		8A402DC01CC61DAD007FA8A6 /* stsl.jpg in Resources */ = {isa = PBXBuildFile; fileRef = 8A402DA01CC61DAD007FA8A6 /* stsl.jpg */; };
		8A402DC11CC61DAD007FA8A6 /* Synaxarion.jpg in Resources */ = {isa = PBXBuildFile; fileRef = 8A402DA11CC61DAD007FA8A6 /* Synaxarion.jpg */; };
		8A402DC21CC61DAD007FA8A6 /* sysoev2.jpg in Resources */ = {isa = PBXBuildFile; fileRef = 8A402DA21CC61DAD007FA8A6 /* sysoev2.jpg */; };
		8A402DC31CC61DAD007FA8A6 /* thanks1.jpg in Resources */ = {isa = PBXBuildFile; fileRef = 8A402DA31CC61DAD007FA8A6 /* thanks1.jpg */; };
		8A402DC41CC61DAD007FA8A6 /* typica1.jpg in Resources */ = {isa = PBXBuildFile; fileRef = 8A402DA41CC61DAD007FA8A6 /* typica1.jpg */; };
		8A402DC51CC61DAD007FA8A6 /* vespers1.jpg in Resources */ = {isa = PBXBuildFile; fileRef = 8A402DA51CC61DAD007FA8A6 /* vespers1.jpg */; };
		8A402DC61CC61DAD007FA8A6 /* whoisjesus.jpg in Resources */ = {isa = PBXBuildFile; fileRef = 8A402DA61CC61DAD007FA8A6 /* whoisjesus.jpg */; };
		8A402DC71CC61DAD007FA8A6 /* Zhitia_optin1.jpg in Resources */ = {isa = PBXBuildFile; fileRef = 8A402DA71CC61DAD007FA8A6 /* Zhitia_optin1.jpg */; };
		8A42A74A1CC7841B00114978 /* InfoPlist.strings in Resources */ = {isa = PBXBuildFile; fileRef = 8A42A74C1CC7841B00114978 /* InfoPlist.strings */; };
		8A465CC51CC4B8E800153973 /* stop.pdf in Resources */ = {isa = PBXBuildFile; fileRef = 8A465CC31CC4B8E800153973 /* stop.pdf */; };
		8A465CC61CC4B8E800153973 /* trash.pdf in Resources */ = {isa = PBXBuildFile; fileRef = 8A465CC41CC4B8E800153973 /* trash.pdf */; };
		8A50B2231CCDFC20001AEC27 /* bookshop1024.jpg in Resources */ = {isa = PBXBuildFile; fileRef = 8A50B2221CCDFC20001AEC27 /* bookshop1024.jpg */; };
		8A546AEC1CB747F90090CFDA /* OptionsViewController.swift in Sources */ = {isa = PBXBuildFile; fileRef = 8A546AEB1CB747F90090CFDA /* OptionsViewController.swift */; };
		8A546AEE1CB74CC20090CFDA /* flag_us.pdf in Resources */ = {isa = PBXBuildFile; fileRef = 8A546AED1CB74CC20090CFDA /* flag_us.pdf */; };
		8A546AF21CB74F4D0090CFDA /* flag_cn.pdf in Resources */ = {isa = PBXBuildFile; fileRef = 8A546AEF1CB74F4D0090CFDA /* flag_cn.pdf */; };
		8A546AF31CB74F4D0090CFDA /* flag_hk.pdf in Resources */ = {isa = PBXBuildFile; fileRef = 8A546AF01CB74F4D0090CFDA /* flag_hk.pdf */; };
		8A546AF41CB74F4D0090CFDA /* flag_ru.pdf in Resources */ = {isa = PBXBuildFile; fileRef = 8A546AF11CB74F4D0090CFDA /* flag_ru.pdf */; };
		8A670FC11CBC944A00B27365 /* star.pdf in Resources */ = {isa = PBXBuildFile; fileRef = 8A670FBE1CBC944A00B27365 /* star.pdf */; };
		8A670FC81CBCE84800B27365 /* book_epub.pdf in Resources */ = {isa = PBXBuildFile; fileRef = 8A670FC71CBCE84800B27365 /* book_epub.pdf */; };
		8A670FCA1CBCEB5C00B27365 /* book_pdf.pdf in Resources */ = {isa = PBXBuildFile; fileRef = 8A670FC91CBCEB5C00B27365 /* book_pdf.pdf */; };
		8A670FCC1CBCEDE800B27365 /* info.pdf in Resources */ = {isa = PBXBuildFile; fileRef = 8A670FCB1CBCEDE800B27365 /* info.pdf */; };
		8A670FCE1CBCEF3A00B27365 /* menu_star.pdf in Resources */ = {isa = PBXBuildFile; fileRef = 8A670FCD1CBCEF3A00B27365 /* menu_star.pdf */; };
		8A90A6E71F551C7A00A4DECF /* FolioReaderKit.framework in Frameworks */ = {isa = PBXBuildFile; fileRef = 8A90A6E61F551C7A00A4DECF /* FolioReaderKit.framework */; };
		8A90A6E91F555A9200A4DECF /* GoogleService-Info.plist in Resources */ = {isa = PBXBuildFile; fileRef = 8A90A6E81F555A9200A4DECF /* GoogleService-Info.plist */; };
		8AC4A97E1CB2257300C3907E /* RWLabel.swift in Sources */ = {isa = PBXBuildFile; fileRef = 8AC4A97D1CB2257300C3907E /* RWLabel.swift */; };
		8AC4A9801CB2274300C3907E /* TableViewCell.swift in Sources */ = {isa = PBXBuildFile; fileRef = 8AC4A97F1CB2274300C3907E /* TableViewCell.swift */; };
		8AE43D501CAB75CD00B59632 /* Model.swift in Sources */ = {isa = PBXBuildFile; fileRef = 8AE43D4F1CAB75CD00B59632 /* Model.swift */; };
		8AE43D521CAB837900B59632 /* CFNetwork.framework in Frameworks */ = {isa = PBXBuildFile; fileRef = 8AE43D511CAB837900B59632 /* CFNetwork.framework */; };
		8AE43D541CAB838100B59632 /* Security.framework in Frameworks */ = {isa = PBXBuildFile; fileRef = 8AE43D531CAB838100B59632 /* Security.framework */; };
		8AE43D561CAB838800B59632 /* SystemConfiguration.framework in Frameworks */ = {isa = PBXBuildFile; fileRef = 8AE43D551CAB838800B59632 /* SystemConfiguration.framework */; };
		8AE53C2F1CAA1C73005BFA1B /* AppDelegate.swift in Sources */ = {isa = PBXBuildFile; fileRef = 8AE53C2E1CAA1C73005BFA1B /* AppDelegate.swift */; };
		8AE53C341CAA1C73005BFA1B /* Main.storyboard in Resources */ = {isa = PBXBuildFile; fileRef = 8AE53C321CAA1C73005BFA1B /* Main.storyboard */; };
		8AE53C361CAA1C73005BFA1B /* Assets.xcassets in Resources */ = {isa = PBXBuildFile; fileRef = 8AE53C351CAA1C73005BFA1B /* Assets.xcassets */; };
		8AE53C451CAA2C00005BFA1B /* library.pdf in Resources */ = {isa = PBXBuildFile; fileRef = 8AE53C441CAA2C00005BFA1B /* library.pdf */; };
		8AE53C471CAA2C32005BFA1B /* options.pdf in Resources */ = {isa = PBXBuildFile; fileRef = 8AE53C461CAA2C32005BFA1B /* options.pdf */; };
		8AE53C491CAA2E7B005BFA1B /* mybooks.pdf in Resources */ = {isa = PBXBuildFile; fileRef = 8AE53C481CAA2E7B005BFA1B /* mybooks.pdf */; };
		8AE53C4B1CAA2EDE005BFA1B /* Translate.swift in Sources */ = {isa = PBXBuildFile; fileRef = 8AE53C4A1CAA2EDE005BFA1B /* Translate.swift */; };
		8AE53C4D1CAA2FEA005BFA1B /* Extensions.swift in Sources */ = {isa = PBXBuildFile; fileRef = 8AE53C4C1CAA2FEA005BFA1B /* Extensions.swift */; };
		8AE53C4F1CAA3328005BFA1B /* MainVC.swift in Sources */ = {isa = PBXBuildFile; fileRef = 8AE53C4E1CAA3328005BFA1B /* MainVC.swift */; };
		8AE53C511CAA5FE0005BFA1B /* ViewController.swift in Sources */ = {isa = PBXBuildFile; fileRef = 8AE53C501CAA5FE0005BFA1B /* ViewController.swift */; };
		8AE53C531CAA7191005BFA1B /* TableViewController.swift in Sources */ = {isa = PBXBuildFile; fileRef = 8AE53C521CAA7191005BFA1B /* TableViewController.swift */; };
		8AE53C551CAA72BC005BFA1B /* CollectionViewController.swift in Sources */ = {isa = PBXBuildFile; fileRef = 8AE53C541CAA72BC005BFA1B /* CollectionViewController.swift */; };
		8AE8D98B1CB3CEAE00B8D339 /* DetailsViewController.swift in Sources */ = {isa = PBXBuildFile; fileRef = 8AE8D98A1CB3CEAE00B8D339 /* DetailsViewController.swift */; };
		B6E15EEA6B52EA4CB2F53D64 /* Pods_bookshop_ios.framework in Frameworks */ = {isa = PBXBuildFile; fileRef = 25B19CA908AA7A5F4F3D755E /* Pods_bookshop_ios.framework */; };
/* End PBXBuildFile section */

/* Begin PBXFileReference section */
		0415D24D4F3E2D4AEFE4EB0C /* Pods.debug.xcconfig */ = {isa = PBXFileReference; includeInIndex = 1; lastKnownFileType = text.xcconfig; name = Pods.debug.xcconfig; path = "Pods/Target Support Files/Pods/Pods.debug.xcconfig"; sourceTree = "<group>"; };
		25B19CA908AA7A5F4F3D755E /* Pods_bookshop_ios.framework */ = {isa = PBXFileReference; explicitFileType = wrapper.framework; includeInIndex = 0; path = Pods_bookshop_ios.framework; sourceTree = BUILT_PRODUCTS_DIR; };
		58DDB0813C9F9842F6E4CC04 /* Pods-bookshop_ios.release.xcconfig */ = {isa = PBXFileReference; includeInIndex = 1; lastKnownFileType = text.xcconfig; name = "Pods-bookshop_ios.release.xcconfig"; path = "Pods/Target Support Files/Pods-bookshop_ios/Pods-bookshop_ios.release.xcconfig"; sourceTree = "<group>"; };
		85A10100191D5C2284D78DEB /* Pods.release.xcconfig */ = {isa = PBXFileReference; includeInIndex = 1; lastKnownFileType = text.xcconfig; name = Pods.release.xcconfig; path = "Pods/Target Support Files/Pods/Pods.release.xcconfig"; sourceTree = "<group>"; };
		8A0096071CB2555F005A2980 /* view_grid.pdf */ = {isa = PBXFileReference; lastKnownFileType = image.pdf; path = view_grid.pdf; sourceTree = "<group>"; };
		8A0096081CB2555F005A2980 /* view_list.pdf */ = {isa = PBXFileReference; lastKnownFileType = image.pdf; path = view_list.pdf; sourceTree = "<group>"; };
		8A00960B1CB261FD005A2980 /* CollectionViewCell.swift */ = {isa = PBXFileReference; fileEncoding = 4; lastKnownFileType = sourcecode.swift; path = CollectionViewCell.swift; sourceTree = "<group>"; };
		8A1183E61CBB43F300AA7C3E /* ActionManager.swift */ = {isa = PBXFileReference; fileEncoding = 4; lastKnownFileType = sourcecode.swift; path = ActionManager.swift; sourceTree = "<group>"; };
		8A1183EB1CBB942B00AA7C3E /* PopoverViewController.swift */ = {isa = PBXFileReference; fileEncoding = 4; lastKnownFileType = sourcecode.swift; path = PopoverViewController.swift; sourceTree = "<group>"; };
		8A20DF051CBDE6AB0087751D /* DownloadManager.swift */ = {isa = PBXFileReference; fileEncoding = 4; lastKnownFileType = sourcecode.swift; path = DownloadManager.swift; sourceTree = "<group>"; };
		8A20DF0A1CBE4F320087751D /* PreviewManager.swift */ = {isa = PBXFileReference; fileEncoding = 4; lastKnownFileType = sourcecode.swift; path = PreviewManager.swift; sourceTree = "<group>"; };
		8A2F4F531F57B48F007C00A4 /* Obl_ep.JPG */ = {isa = PBXFileReference; lastKnownFileType = image.jpeg; path = Obl_ep.JPG; sourceTree = "<group>"; };
		8A2F4F541F57B48F007C00A4 /* petrkam1.jpg */ = {isa = PBXFileReference; lastKnownFileType = image.jpeg; path = petrkam1.jpg; sourceTree = "<group>"; };
		8A2F4F551F57B48F007C00A4 /* score.jpg */ = {isa = PBXFileReference; lastKnownFileType = image.jpeg; path = score.jpg; sourceTree = "<group>"; };
		8A2F4F561F57B48F007C00A4 /* Seraphim.jpg */ = {isa = PBXFileReference; lastKnownFileType = image.jpeg; path = Seraphim.jpg; sourceTree = "<group>"; };
		8A2F4F571F57B48F007C00A4 /* Transfiguration.jpg */ = {isa = PBXFileReference; lastKnownFileType = image.jpeg; path = Transfiguration.jpg; sourceTree = "<group>"; };
		8A33B38C1CC381AC003D6CE0 /* trans_ru.plist */ = {isa = PBXFileReference; fileEncoding = 4; lastKnownFileType = text.plist.xml; path = trans_ru.plist; sourceTree = "<group>"; };
		8A33B38E1CC38785003D6CE0 /* trans_zh_cn.plist */ = {isa = PBXFileReference; fileEncoding = 4; lastKnownFileType = text.plist.xml; path = trans_zh_cn.plist; sourceTree = "<group>"; };
		8A33B3901CC387B7003D6CE0 /* trans_zh_hk.plist */ = {isa = PBXFileReference; fileEncoding = 4; lastKnownFileType = text.plist.xml; path = trans_zh_hk.plist; sourceTree = "<group>"; };
		8A3960B11CC9D6C6002F693B /* Appirater.h */ = {isa = PBXFileReference; fileEncoding = 4; lastKnownFileType = sourcecode.c.h; path = Appirater.h; sourceTree = "<group>"; };
		8A3960B21CC9D6C6002F693B /* Appirater.m */ = {isa = PBXFileReference; fileEncoding = 4; lastKnownFileType = sourcecode.c.objc; path = Appirater.m; sourceTree = "<group>"; };
		8A3960B51CC9D722002F693B /* AppiraterDelegate.h */ = {isa = PBXFileReference; fileEncoding = 4; lastKnownFileType = sourcecode.c.h; path = AppiraterDelegate.h; sourceTree = "<group>"; };
		8A3960B61CCA0EF9002F693B /* prayerbookSimpl.jpg */ = {isa = PBXFileReference; lastKnownFileType = image.jpeg; path = prayerbookSimpl.jpg; sourceTree = "<group>"; };
		8A3960B71CCA0EF9002F693B /* PrayerbookTrad.jpg */ = {isa = PBXFileReference; lastKnownFileType = image.jpeg; path = PrayerbookTrad.jpg; sourceTree = "<group>"; };
		8A402D611CC5D4A7007FA8A6 /* launch-hd4.7.png */ = {isa = PBXFileReference; lastKnownFileType = image.png; path = "launch-hd4.7.png"; sourceTree = "<group>"; };
		8A402D621CC5D4A7007FA8A6 /* launch-hd5.5-landscape.png */ = {isa = PBXFileReference; lastKnownFileType = image.png; path = "launch-hd5.5-landscape.png"; sourceTree = "<group>"; };
		8A402D631CC5D4A7007FA8A6 /* launch-hd5.5.png */ = {isa = PBXFileReference; lastKnownFileType = image.png; path = "launch-hd5.5.png"; sourceTree = "<group>"; };
		8A402D641CC5D4A7007FA8A6 /* launch-ipad.png */ = {isa = PBXFileReference; lastKnownFileType = image.png; path = "launch-ipad.png"; sourceTree = "<group>"; };
		8A402D651CC5D4A7007FA8A6 /* launch-ipad@2x.png */ = {isa = PBXFileReference; lastKnownFileType = image.png; path = "launch-ipad@2x.png"; sourceTree = "<group>"; };
		8A402D661CC5D4A7007FA8A6 /* launch-iphone@2x.png */ = {isa = PBXFileReference; lastKnownFileType = image.png; path = "launch-iphone@2x.png"; sourceTree = "<group>"; };
		8A402D671CC5D4A7007FA8A6 /* launch-iphone4.png */ = {isa = PBXFileReference; lastKnownFileType = image.png; path = "launch-iphone4.png"; sourceTree = "<group>"; };
		8A402D681CC5D4A7007FA8A6 /* launch-iphone4@2x.png */ = {isa = PBXFileReference; lastKnownFileType = image.png; path = "launch-iphone4@2x.png"; sourceTree = "<group>"; };
		8A402D691CC5D4A7007FA8A6 /* launch-landscape.png */ = {isa = PBXFileReference; lastKnownFileType = image.png; path = "launch-landscape.png"; sourceTree = "<group>"; };
		8A402D6A1CC5D4A7007FA8A6 /* launch-landscape@2x.png */ = {isa = PBXFileReference; lastKnownFileType = image.png; path = "launch-landscape@2x.png"; sourceTree = "<group>"; };
		8A402D751CC5DB43007FA8A6 /* bookshop29.png */ = {isa = PBXFileReference; lastKnownFileType = image.png; path = bookshop29.png; sourceTree = "<group>"; };
		8A402D761CC5DB43007FA8A6 /* bookshop40.png */ = {isa = PBXFileReference; lastKnownFileType = image.png; path = bookshop40.png; sourceTree = "<group>"; };
		8A402D771CC5DB43007FA8A6 /* bookshop58.png */ = {isa = PBXFileReference; lastKnownFileType = image.png; path = bookshop58.png; sourceTree = "<group>"; };
		8A402D781CC5DB43007FA8A6 /* bookshop76.png */ = {isa = PBXFileReference; lastKnownFileType = image.png; path = bookshop76.png; sourceTree = "<group>"; };
		8A402D791CC5DB43007FA8A6 /* bookshop80.png */ = {isa = PBXFileReference; lastKnownFileType = image.png; path = bookshop80.png; sourceTree = "<group>"; };
		8A402D7A1CC5DB43007FA8A6 /* bookshop87.png */ = {isa = PBXFileReference; lastKnownFileType = image.png; path = bookshop87.png; sourceTree = "<group>"; };
		8A402D7B1CC5DB43007FA8A6 /* bookshop120.png */ = {isa = PBXFileReference; lastKnownFileType = image.png; path = bookshop120.png; sourceTree = "<group>"; };
		8A402D7C1CC5DB43007FA8A6 /* bookshop152.png */ = {isa = PBXFileReference; lastKnownFileType = image.png; path = bookshop152.png; sourceTree = "<group>"; };
		8A402D7D1CC5DB43007FA8A6 /* bookshop180.png */ = {isa = PBXFileReference; lastKnownFileType = image.png; path = bookshop180.png; sourceTree = "<group>"; };
		8A402D881CC61DAD007FA8A6 /* baptism1.jpg */ = {isa = PBXFileReference; lastKnownFileType = image.jpeg; path = baptism1.jpg; sourceTree = "<group>"; };
		8A402D891CC61DAD007FA8A6 /* cover_en1.jpg */ = {isa = PBXFileReference; lastKnownFileType = image.jpeg; path = cover_en1.jpg; sourceTree = "<group>"; };
		8A402D8A1CC61DAD007FA8A6 /* cover_ru1.jpg */ = {isa = PBXFileReference; lastKnownFileType = image.jpeg; path = cover_ru1.jpg; sourceTree = "<group>"; };
		8A402D8B1CC61DAD007FA8A6 /* damaskin.jpg */ = {isa = PBXFileReference; lastKnownFileType = image.jpeg; path = damaskin.jpg; sourceTree = "<group>"; };
		8A402D8C1CC61DAD007FA8A6 /* EasterKanon.jpg */ = {isa = PBXFileReference; lastKnownFileType = image.jpeg; path = EasterKanon.jpg; sourceTree = "<group>"; };
		8A402D8D1CC61DAD007FA8A6 /* feasts1.jpg */ = {isa = PBXFileReference; lastKnownFileType = image.jpeg; path = feasts1.jpg; sourceTree = "<group>"; };
		8A402D8E1CC61DAD007FA8A6 /* HOURS_Cover.jpg */ = {isa = PBXFileReference; lastKnownFileType = image.jpeg; path = HOURS_Cover.jpg; sourceTree = "<group>"; };
		8A402D8F1CC61DAD007FA8A6 /* ispoved.jpg */ = {isa = PBXFileReference; lastKnownFileType = image.jpeg; path = ispoved.jpg; sourceTree = "<group>"; };
		8A402D901CC61DAD007FA8A6 /* katechisis.jpg */ = {isa = PBXFileReference; lastKnownFileType = image.jpeg; path = katechisis.jpg; sourceTree = "<group>"; };
		8A402D911CC61DAD007FA8A6 /* leaflets.jpg */ = {isa = PBXFileReference; lastKnownFileType = image.jpeg; path = leaflets.jpg; sourceTree = "<group>"; };
		8A402D921CC61DAD007FA8A6 /* litcover.jpg */ = {isa = PBXFileReference; lastKnownFileType = image.jpeg; path = litcover.jpg; sourceTree = "<group>"; };
		8A402D931CC61DAD007FA8A6 /* liturguia.jpg */ = {isa = PBXFileReference; lastKnownFileType = image.jpeg; path = liturguia.jpg; sourceTree = "<group>"; };
		8A402D941CC61DAD007FA8A6 /* LiturgyCover.jpg */ = {isa = PBXFileReference; lastKnownFileType = image.jpeg; path = LiturgyCover.jpg; sourceTree = "<group>"; };
		8A402D951CC61DAD007FA8A6 /* maria1.jpg */ = {isa = PBXFileReference; lastKnownFileType = image.jpeg; path = maria1.jpg; sourceTree = "<group>"; };
		8A402D961CC61DAD007FA8A6 /* MatinsFrstHr_Cover.jpg */ = {isa = PBXFileReference; lastKnownFileType = image.jpeg; path = MatinsFrstHr_Cover.jpg; sourceTree = "<group>"; };
		8A402D981CC61DAD007FA8A6 /* monahoscover_1.jpg */ = {isa = PBXFileReference; lastKnownFileType = image.jpeg; path = monahoscover_1.jpg; sourceTree = "<group>"; };
		8A402D991CC61DAD007FA8A6 /* oblog_ispoved.jpg */ = {isa = PBXFileReference; lastKnownFileType = image.jpeg; path = oblog_ispoved.jpg; sourceTree = "<group>"; };
		8A402D9A1CC61DAD007FA8A6 /* oblog_prichastie_prit_3.jpg */ = {isa = PBXFileReference; lastKnownFileType = image.jpeg; path = oblog_prichastie_prit_3.jpg; sourceTree = "<group>"; };
		8A402D9B1CC61DAD007FA8A6 /* obloga_ob5.jpg */ = {isa = PBXFileReference; lastKnownFileType = image.jpeg; path = obloga_ob5.jpg; sourceTree = "<group>"; };
		8A402D9C1CC61DAD007FA8A6 /* pravoslavie.jpg */ = {isa = PBXFileReference; lastKnownFileType = image.jpeg; path = pravoslavie.jpg; sourceTree = "<group>"; };
		8A402D9D1CC61DAD007FA8A6 /* sergiy.jpg */ = {isa = PBXFileReference; lastKnownFileType = image.jpeg; path = sergiy.jpg; sourceTree = "<group>"; };
		8A402D9E1CC61DAD007FA8A6 /* ServiceVespers.jpg */ = {isa = PBXFileReference; lastKnownFileType = image.jpeg; path = ServiceVespers.jpg; sourceTree = "<group>"; };
		8A402D9F1CC61DAD007FA8A6 /* simeon1.jpg */ = {isa = PBXFileReference; lastKnownFileType = image.jpeg; path = simeon1.jpg; sourceTree = "<group>"; };
		8A402DA01CC61DAD007FA8A6 /* stsl.jpg */ = {isa = PBXFileReference; lastKnownFileType = image.jpeg; path = stsl.jpg; sourceTree = "<group>"; };
		8A402DA11CC61DAD007FA8A6 /* Synaxarion.jpg */ = {isa = PBXFileReference; lastKnownFileType = image.jpeg; path = Synaxarion.jpg; sourceTree = "<group>"; };
		8A402DA21CC61DAD007FA8A6 /* sysoev2.jpg */ = {isa = PBXFileReference; lastKnownFileType = image.jpeg; path = sysoev2.jpg; sourceTree = "<group>"; };
		8A402DA31CC61DAD007FA8A6 /* thanks1.jpg */ = {isa = PBXFileReference; lastKnownFileType = image.jpeg; path = thanks1.jpg; sourceTree = "<group>"; };
		8A402DA41CC61DAD007FA8A6 /* typica1.jpg */ = {isa = PBXFileReference; lastKnownFileType = image.jpeg; path = typica1.jpg; sourceTree = "<group>"; };
		8A402DA51CC61DAD007FA8A6 /* vespers1.jpg */ = {isa = PBXFileReference; lastKnownFileType = image.jpeg; path = vespers1.jpg; sourceTree = "<group>"; };
		8A402DA61CC61DAD007FA8A6 /* whoisjesus.jpg */ = {isa = PBXFileReference; lastKnownFileType = image.jpeg; path = whoisjesus.jpg; sourceTree = "<group>"; };
		8A402DA71CC61DAD007FA8A6 /* Zhitia_optin1.jpg */ = {isa = PBXFileReference; lastKnownFileType = image.jpeg; path = Zhitia_optin1.jpg; sourceTree = "<group>"; };
		8A42A74B1CC7841B00114978 /* Base */ = {isa = PBXFileReference; lastKnownFileType = text.plist.strings; name = Base; path = Base.lproj/InfoPlist.strings; sourceTree = "<group>"; };
		8A42A74D1CC7845100114978 /* ru */ = {isa = PBXFileReference; lastKnownFileType = text.plist.strings; name = ru; path = ru.lproj/InfoPlist.strings; sourceTree = "<group>"; };
		8A42A74E1CC7865400114978 /* zh-Hans */ = {isa = PBXFileReference; lastKnownFileType = text.plist.strings; name = "zh-Hans"; path = "zh-Hans.lproj/InfoPlist.strings"; sourceTree = "<group>"; };
		8A42A74F1CC7865D00114978 /* zh-Hant */ = {isa = PBXFileReference; lastKnownFileType = text.plist.strings; name = "zh-Hant"; path = "zh-Hant.lproj/InfoPlist.strings"; sourceTree = "<group>"; };
		8A465CC31CC4B8E800153973 /* stop.pdf */ = {isa = PBXFileReference; lastKnownFileType = image.pdf; path = stop.pdf; sourceTree = "<group>"; };
		8A465CC41CC4B8E800153973 /* trash.pdf */ = {isa = PBXFileReference; lastKnownFileType = image.pdf; path = trash.pdf; sourceTree = "<group>"; };
		8A50B2221CCDFC20001AEC27 /* bookshop1024.jpg */ = {isa = PBXFileReference; lastKnownFileType = image.jpeg; path = bookshop1024.jpg; sourceTree = "<group>"; };
		8A546AEB1CB747F90090CFDA /* OptionsViewController.swift */ = {isa = PBXFileReference; fileEncoding = 4; lastKnownFileType = sourcecode.swift; path = OptionsViewController.swift; sourceTree = "<group>"; };
		8A546AED1CB74CC20090CFDA /* flag_us.pdf */ = {isa = PBXFileReference; lastKnownFileType = image.pdf; path = flag_us.pdf; sourceTree = "<group>"; };
		8A546AEF1CB74F4D0090CFDA /* flag_cn.pdf */ = {isa = PBXFileReference; lastKnownFileType = image.pdf; path = flag_cn.pdf; sourceTree = "<group>"; };
		8A546AF01CB74F4D0090CFDA /* flag_hk.pdf */ = {isa = PBXFileReference; lastKnownFileType = image.pdf; path = flag_hk.pdf; sourceTree = "<group>"; };
		8A546AF11CB74F4D0090CFDA /* flag_ru.pdf */ = {isa = PBXFileReference; lastKnownFileType = image.pdf; path = flag_ru.pdf; sourceTree = "<group>"; };
		8A670FBE1CBC944A00B27365 /* star.pdf */ = {isa = PBXFileReference; lastKnownFileType = image.pdf; path = star.pdf; sourceTree = "<group>"; };
		8A670FC71CBCE84800B27365 /* book_epub.pdf */ = {isa = PBXFileReference; lastKnownFileType = image.pdf; path = book_epub.pdf; sourceTree = "<group>"; };
		8A670FC91CBCEB5C00B27365 /* book_pdf.pdf */ = {isa = PBXFileReference; lastKnownFileType = image.pdf; path = book_pdf.pdf; sourceTree = "<group>"; };
		8A670FCB1CBCEDE800B27365 /* info.pdf */ = {isa = PBXFileReference; lastKnownFileType = image.pdf; path = info.pdf; sourceTree = "<group>"; };
		8A670FCD1CBCEF3A00B27365 /* menu_star.pdf */ = {isa = PBXFileReference; lastKnownFileType = image.pdf; path = menu_star.pdf; sourceTree = "<group>"; };
		8A67FC551CB797C700F00B8C /* Firebase.framework */ = {isa = PBXFileReference; lastKnownFileType = wrapper.framework; name = Firebase.framework; path = "../../Library/Developer/Xcode/DerivedData/bookshop_ios-frtuihonzhjiymdajgsnpbztawzh/Build/Products/Debug-iphonesimulator/Firebase.framework"; sourceTree = "<group>"; };
		8A90A6E61F551C7A00A4DECF /* FolioReaderKit.framework */ = {isa = PBXFileReference; lastKnownFileType = wrapper.framework; name = FolioReaderKit.framework; path = "../../Derived3/bookshop_ios-frtuihonzhjiymdajgsnpbztawzh/Build/Products/Debug-iphonesimulator/FolioReaderKit/FolioReaderKit.framework"; sourceTree = "<group>"; };
		8A90A6E81F555A9200A4DECF /* GoogleService-Info.plist */ = {isa = PBXFileReference; fileEncoding = 4; lastKnownFileType = text.plist.xml; path = "GoogleService-Info.plist"; sourceTree = "<group>"; };
		8AC4A97D1CB2257300C3907E /* RWLabel.swift */ = {isa = PBXFileReference; fileEncoding = 4; lastKnownFileType = sourcecode.swift; path = RWLabel.swift; sourceTree = "<group>"; };
		8AC4A97F1CB2274300C3907E /* TableViewCell.swift */ = {isa = PBXFileReference; fileEncoding = 4; lastKnownFileType = sourcecode.swift; path = TableViewCell.swift; sourceTree = "<group>"; };
		8AE43D4F1CAB75CD00B59632 /* Model.swift */ = {isa = PBXFileReference; fileEncoding = 4; lastKnownFileType = sourcecode.swift; path = Model.swift; sourceTree = "<group>"; };
		8AE43D511CAB837900B59632 /* CFNetwork.framework */ = {isa = PBXFileReference; lastKnownFileType = wrapper.framework; name = CFNetwork.framework; path = System/Library/Frameworks/CFNetwork.framework; sourceTree = SDKROOT; };
		8AE43D531CAB838100B59632 /* Security.framework */ = {isa = PBXFileReference; lastKnownFileType = wrapper.framework; name = Security.framework; path = System/Library/Frameworks/Security.framework; sourceTree = SDKROOT; };
		8AE43D551CAB838800B59632 /* SystemConfiguration.framework */ = {isa = PBXFileReference; lastKnownFileType = wrapper.framework; name = SystemConfiguration.framework; path = System/Library/Frameworks/SystemConfiguration.framework; sourceTree = SDKROOT; };
		8AE43D571CAB83E100B59632 /* libc++.tbd */ = {isa = PBXFileReference; lastKnownFileType = "sourcecode.text-based-dylib-definition"; name = "libc++.tbd"; path = "usr/lib/libc++.tbd"; sourceTree = SDKROOT; };
		8AE43D591CAB83E900B59632 /* libFirebase.a */ = {isa = PBXFileReference; lastKnownFileType = archive.ar; name = libFirebase.a; path = "Pods/../build/Debug-iphoneos/libFirebase.a"; sourceTree = "<group>"; };
		8AE43D5B1CAB856000B59632 /* bookshop_ios-Bridging-Header.h */ = {isa = PBXFileReference; fileEncoding = 4; lastKnownFileType = sourcecode.c.h; path = "bookshop_ios-Bridging-Header.h"; sourceTree = "<group>"; };
		8AE53C2B1CAA1C73005BFA1B /* bookshop_ios.app */ = {isa = PBXFileReference; explicitFileType = wrapper.application; includeInIndex = 0; path = bookshop_ios.app; sourceTree = BUILT_PRODUCTS_DIR; };
		8AE53C2E1CAA1C73005BFA1B /* AppDelegate.swift */ = {isa = PBXFileReference; lastKnownFileType = sourcecode.swift; path = AppDelegate.swift; sourceTree = "<group>"; };
		8AE53C331CAA1C73005BFA1B /* Base */ = {isa = PBXFileReference; lastKnownFileType = file.storyboard; name = Base; path = Base.lproj/Main.storyboard; sourceTree = "<group>"; };
		8AE53C351CAA1C73005BFA1B /* Assets.xcassets */ = {isa = PBXFileReference; lastKnownFileType = folder.assetcatalog; path = Assets.xcassets; sourceTree = "<group>"; };
		8AE53C3A1CAA1C73005BFA1B /* Info.plist */ = {isa = PBXFileReference; lastKnownFileType = text.plist.xml; path = Info.plist; sourceTree = "<group>"; };
		8AE53C441CAA2C00005BFA1B /* library.pdf */ = {isa = PBXFileReference; lastKnownFileType = image.pdf; path = library.pdf; sourceTree = "<group>"; };
		8AE53C461CAA2C32005BFA1B /* options.pdf */ = {isa = PBXFileReference; lastKnownFileType = image.pdf; path = options.pdf; sourceTree = "<group>"; };
		8AE53C481CAA2E7B005BFA1B /* mybooks.pdf */ = {isa = PBXFileReference; lastKnownFileType = image.pdf; path = mybooks.pdf; sourceTree = "<group>"; };
		8AE53C4A1CAA2EDE005BFA1B /* Translate.swift */ = {isa = PBXFileReference; fileEncoding = 4; lastKnownFileType = sourcecode.swift; path = Translate.swift; sourceTree = "<group>"; };
		8AE53C4C1CAA2FEA005BFA1B /* Extensions.swift */ = {isa = PBXFileReference; fileEncoding = 4; lastKnownFileType = sourcecode.swift; path = Extensions.swift; sourceTree = "<group>"; };
		8AE53C4E1CAA3328005BFA1B /* MainVC.swift */ = {isa = PBXFileReference; fileEncoding = 4; lastKnownFileType = sourcecode.swift; path = MainVC.swift; sourceTree = "<group>"; };
		8AE53C501CAA5FE0005BFA1B /* ViewController.swift */ = {isa = PBXFileReference; fileEncoding = 4; lastKnownFileType = sourcecode.swift; path = ViewController.swift; sourceTree = "<group>"; };
		8AE53C521CAA7191005BFA1B /* TableViewController.swift */ = {isa = PBXFileReference; fileEncoding = 4; lastKnownFileType = sourcecode.swift; path = TableViewController.swift; sourceTree = "<group>"; };
		8AE53C541CAA72BC005BFA1B /* CollectionViewController.swift */ = {isa = PBXFileReference; fileEncoding = 4; lastKnownFileType = sourcecode.swift; path = CollectionViewController.swift; sourceTree = "<group>"; };
		8AE8D98A1CB3CEAE00B8D339 /* DetailsViewController.swift */ = {isa = PBXFileReference; fileEncoding = 4; lastKnownFileType = sourcecode.swift; path = DetailsViewController.swift; sourceTree = "<group>"; };
		F249C964C007C65A44BC4DE6 /* Pods-bookshop_ios.debug.xcconfig */ = {isa = PBXFileReference; includeInIndex = 1; lastKnownFileType = text.xcconfig; name = "Pods-bookshop_ios.debug.xcconfig"; path = "Pods/Target Support Files/Pods-bookshop_ios/Pods-bookshop_ios.debug.xcconfig"; sourceTree = "<group>"; };
/* End PBXFileReference section */

/* Begin PBXFrameworksBuildPhase section */
		8AE53C281CAA1C72005BFA1B /* Frameworks */ = {
			isa = PBXFrameworksBuildPhase;
			buildActionMask = 2147483647;
			files = (
				8A90A6E71F551C7A00A4DECF /* FolioReaderKit.framework in Frameworks */,
				8AE43D561CAB838800B59632 /* SystemConfiguration.framework in Frameworks */,
				8AE43D541CAB838100B59632 /* Security.framework in Frameworks */,
				8AE43D521CAB837900B59632 /* CFNetwork.framework in Frameworks */,
				B6E15EEA6B52EA4CB2F53D64 /* Pods_bookshop_ios.framework in Frameworks */,
			);
			runOnlyForDeploymentPostprocessing = 0;
		};
/* End PBXFrameworksBuildPhase section */

/* Begin PBXGroup section */
		7AD7EAE8A99F412A86EFD6F0 /* Pods */ = {
			isa = PBXGroup;
			children = (
				0415D24D4F3E2D4AEFE4EB0C /* Pods.debug.xcconfig */,
				85A10100191D5C2284D78DEB /* Pods.release.xcconfig */,
				F249C964C007C65A44BC4DE6 /* Pods-bookshop_ios.debug.xcconfig */,
				58DDB0813C9F9842F6E4CC04 /* Pods-bookshop_ios.release.xcconfig */,
			);
			name = Pods;
			sourceTree = "<group>";
		};
		8A402D871CC61D4F007FA8A6 /* covers */ = {
			isa = PBXGroup;
			children = (
				8A2F4F531F57B48F007C00A4 /* Obl_ep.JPG */,
				8A2F4F541F57B48F007C00A4 /* petrkam1.jpg */,
				8A2F4F551F57B48F007C00A4 /* score.jpg */,
				8A2F4F561F57B48F007C00A4 /* Seraphim.jpg */,
				8A2F4F571F57B48F007C00A4 /* Transfiguration.jpg */,
				8A3960B61CCA0EF9002F693B /* prayerbookSimpl.jpg */,
				8A3960B71CCA0EF9002F693B /* PrayerbookTrad.jpg */,
				8A402D881CC61DAD007FA8A6 /* baptism1.jpg */,
				8A402D891CC61DAD007FA8A6 /* cover_en1.jpg */,
				8A402D8A1CC61DAD007FA8A6 /* cover_ru1.jpg */,
				8A402D8B1CC61DAD007FA8A6 /* damaskin.jpg */,
				8A402D8C1CC61DAD007FA8A6 /* EasterKanon.jpg */,
				8A402D8D1CC61DAD007FA8A6 /* feasts1.jpg */,
				8A402D8E1CC61DAD007FA8A6 /* HOURS_Cover.jpg */,
				8A402D8F1CC61DAD007FA8A6 /* ispoved.jpg */,
				8A402D901CC61DAD007FA8A6 /* katechisis.jpg */,
				8A402D911CC61DAD007FA8A6 /* leaflets.jpg */,
				8A402D921CC61DAD007FA8A6 /* litcover.jpg */,
				8A402D931CC61DAD007FA8A6 /* liturguia.jpg */,
				8A402D941CC61DAD007FA8A6 /* LiturgyCover.jpg */,
				8A402D951CC61DAD007FA8A6 /* maria1.jpg */,
				8A402D961CC61DAD007FA8A6 /* MatinsFrstHr_Cover.jpg */,
				8A402D981CC61DAD007FA8A6 /* monahoscover_1.jpg */,
				8A402D991CC61DAD007FA8A6 /* oblog_ispoved.jpg */,
				8A402D9A1CC61DAD007FA8A6 /* oblog_prichastie_prit_3.jpg */,
				8A402D9B1CC61DAD007FA8A6 /* obloga_ob5.jpg */,
				8A402D9C1CC61DAD007FA8A6 /* pravoslavie.jpg */,
				8A402D9D1CC61DAD007FA8A6 /* sergiy.jpg */,
				8A402D9E1CC61DAD007FA8A6 /* ServiceVespers.jpg */,
				8A402D9F1CC61DAD007FA8A6 /* simeon1.jpg */,
				8A402DA01CC61DAD007FA8A6 /* stsl.jpg */,
				8A402DA11CC61DAD007FA8A6 /* Synaxarion.jpg */,
				8A402DA21CC61DAD007FA8A6 /* sysoev2.jpg */,
				8A402DA31CC61DAD007FA8A6 /* thanks1.jpg */,
				8A402DA41CC61DAD007FA8A6 /* typica1.jpg */,
				8A402DA51CC61DAD007FA8A6 /* vespers1.jpg */,
				8A402DA61CC61DAD007FA8A6 /* whoisjesus.jpg */,
				8A402DA71CC61DAD007FA8A6 /* Zhitia_optin1.jpg */,
			);
			path = covers;
			sourceTree = "<group>";
		};
		8AE53C221CAA1C72005BFA1B = {
			isa = PBXGroup;
			children = (
				8AE53C2D1CAA1C73005BFA1B /* bookshop_ios */,
				8AE53C2C1CAA1C73005BFA1B /* Products */,
				7AD7EAE8A99F412A86EFD6F0 /* Pods */,
				DF46A29C60AE84CCB1D178AF /* Frameworks */,
			);
			sourceTree = "<group>";
		};
		8AE53C2C1CAA1C73005BFA1B /* Products */ = {
			isa = PBXGroup;
			children = (
				8AE53C2B1CAA1C73005BFA1B /* bookshop_ios.app */,
			);
			name = Products;
			sourceTree = "<group>";
		};
		8AE53C2D1CAA1C73005BFA1B /* bookshop_ios */ = {
			isa = PBXGroup;
			children = (
				8A402D871CC61D4F007FA8A6 /* covers */,
				8AE53C431CAA2B8E005BFA1B /* icons */,
				8AE53C2E1CAA1C73005BFA1B /* AppDelegate.swift */,
				8AE53C4C1CAA2FEA005BFA1B /* Extensions.swift */,
				8A20DF0A1CBE4F320087751D /* PreviewManager.swift */,
				8A20DF051CBDE6AB0087751D /* DownloadManager.swift */,
				8A1183E61CBB43F300AA7C3E /* ActionManager.swift */,
				8AE53C4E1CAA3328005BFA1B /* MainVC.swift */,
				8AE43D4F1CAB75CD00B59632 /* Model.swift */,
				8AC4A97D1CB2257300C3907E /* RWLabel.swift */,
				8AE53C501CAA5FE0005BFA1B /* ViewController.swift */,
				8AE53C521CAA7191005BFA1B /* TableViewController.swift */,
				8AC4A97F1CB2274300C3907E /* TableViewCell.swift */,
				8AE53C541CAA72BC005BFA1B /* CollectionViewController.swift */,
				8A00960B1CB261FD005A2980 /* CollectionViewCell.swift */,
				8AE8D98A1CB3CEAE00B8D339 /* DetailsViewController.swift */,
				8A546AEB1CB747F90090CFDA /* OptionsViewController.swift */,
				8AE53C4A1CAA2EDE005BFA1B /* Translate.swift */,
				8A1183EB1CBB942B00AA7C3E /* PopoverViewController.swift */,
				8AE53C321CAA1C73005BFA1B /* Main.storyboard */,
				8AE53C351CAA1C73005BFA1B /* Assets.xcassets */,
				8A90A6E81F555A9200A4DECF /* GoogleService-Info.plist */,
				8A3960B21CC9D6C6002F693B /* Appirater.m */,
				8A3960B11CC9D6C6002F693B /* Appirater.h */,
				8A3960B51CC9D722002F693B /* AppiraterDelegate.h */,
				8AE53C3A1CAA1C73005BFA1B /* Info.plist */,
				8A42A74C1CC7841B00114978 /* InfoPlist.strings */,
				8AE43D5B1CAB856000B59632 /* bookshop_ios-Bridging-Header.h */,
				8A33B38C1CC381AC003D6CE0 /* trans_ru.plist */,
				8A33B38E1CC38785003D6CE0 /* trans_zh_cn.plist */,
				8A33B3901CC387B7003D6CE0 /* trans_zh_hk.plist */,
			);
			path = bookshop_ios;
			sourceTree = "<group>";
		};
		8AE53C431CAA2B8E005BFA1B /* icons */ = {
			isa = PBXGroup;
			children = (
				8A50B2221CCDFC20001AEC27 /* bookshop1024.jpg */,
				8A402D751CC5DB43007FA8A6 /* bookshop29.png */,
				8A402D761CC5DB43007FA8A6 /* bookshop40.png */,
				8A402D771CC5DB43007FA8A6 /* bookshop58.png */,
				8A402D781CC5DB43007FA8A6 /* bookshop76.png */,
				8A402D791CC5DB43007FA8A6 /* bookshop80.png */,
				8A402D7A1CC5DB43007FA8A6 /* bookshop87.png */,
				8A402D7B1CC5DB43007FA8A6 /* bookshop120.png */,
				8A402D7C1CC5DB43007FA8A6 /* bookshop152.png */,
				8A402D7D1CC5DB43007FA8A6 /* bookshop180.png */,
				8A402D611CC5D4A7007FA8A6 /* launch-hd4.7.png */,
				8A402D621CC5D4A7007FA8A6 /* launch-hd5.5-landscape.png */,
				8A402D631CC5D4A7007FA8A6 /* launch-hd5.5.png */,
				8A402D641CC5D4A7007FA8A6 /* launch-ipad.png */,
				8A402D651CC5D4A7007FA8A6 /* launch-ipad@2x.png */,
				8A402D661CC5D4A7007FA8A6 /* launch-iphone@2x.png */,
				8A402D671CC5D4A7007FA8A6 /* launch-iphone4.png */,
				8A402D681CC5D4A7007FA8A6 /* launch-iphone4@2x.png */,
				8A402D691CC5D4A7007FA8A6 /* launch-landscape.png */,
				8A402D6A1CC5D4A7007FA8A6 /* launch-landscape@2x.png */,
				8A465CC31CC4B8E800153973 /* stop.pdf */,
				8A465CC41CC4B8E800153973 /* trash.pdf */,
				8A670FCD1CBCEF3A00B27365 /* menu_star.pdf */,
				8A670FCB1CBCEDE800B27365 /* info.pdf */,
				8A670FC91CBCEB5C00B27365 /* book_pdf.pdf */,
				8A670FC71CBCE84800B27365 /* book_epub.pdf */,
				8A670FBE1CBC944A00B27365 /* star.pdf */,
				8A546AEF1CB74F4D0090CFDA /* flag_cn.pdf */,
				8A546AF01CB74F4D0090CFDA /* flag_hk.pdf */,
				8A546AF11CB74F4D0090CFDA /* flag_ru.pdf */,
				8A546AED1CB74CC20090CFDA /* flag_us.pdf */,
				8A0096071CB2555F005A2980 /* view_grid.pdf */,
				8A0096081CB2555F005A2980 /* view_list.pdf */,
				8AE53C481CAA2E7B005BFA1B /* mybooks.pdf */,
				8AE53C461CAA2C32005BFA1B /* options.pdf */,
				8AE53C441CAA2C00005BFA1B /* library.pdf */,
			);
			path = icons;
			sourceTree = "<group>";
		};
		DF46A29C60AE84CCB1D178AF /* Frameworks */ = {
			isa = PBXGroup;
			children = (
				8A90A6E61F551C7A00A4DECF /* FolioReaderKit.framework */,
				8A67FC551CB797C700F00B8C /* Firebase.framework */,
				8AE43D591CAB83E900B59632 /* libFirebase.a */,
				8AE43D571CAB83E100B59632 /* libc++.tbd */,
				8AE43D551CAB838800B59632 /* SystemConfiguration.framework */,
				8AE43D531CAB838100B59632 /* Security.framework */,
				8AE43D511CAB837900B59632 /* CFNetwork.framework */,
				25B19CA908AA7A5F4F3D755E /* Pods_bookshop_ios.framework */,
			);
			name = Frameworks;
			sourceTree = "<group>";
		};
/* End PBXGroup section */

/* Begin PBXNativeTarget section */
		8AE53C2A1CAA1C72005BFA1B /* bookshop_ios */ = {
			isa = PBXNativeTarget;
			buildConfigurationList = 8AE53C3D1CAA1C73005BFA1B /* Build configuration list for PBXNativeTarget "bookshop_ios" */;
			buildPhases = (
				EB7EE629A419310BF7154CA9 /* [CP] Check Pods Manifest.lock */,
				8AE53C271CAA1C72005BFA1B /* Sources */,
				8AE53C281CAA1C72005BFA1B /* Frameworks */,
				8AE53C291CAA1C72005BFA1B /* Resources */,
				818BFA45450163685899C681 /* [CP] Embed Pods Frameworks */,
				B815D7736EF9D5D90EA18F15 /* [CP] Copy Pods Resources */,
			);
			buildRules = (
			);
			dependencies = (
			);
			name = bookshop_ios;
			productName = bookshop_ios;
			productReference = 8AE53C2B1CAA1C73005BFA1B /* bookshop_ios.app */;
			productType = "com.apple.product-type.application";
		};
/* End PBXNativeTarget section */

/* Begin PBXProject section */
		8AE53C231CAA1C72005BFA1B /* Project object */ = {
			isa = PBXProject;
			attributes = {
				LastSwiftUpdateCheck = 0720;
				LastUpgradeCheck = 0720;
				ORGANIZATIONNAME = "Alexey Smirnov";
				TargetAttributes = {
					8AE53C2A1CAA1C72005BFA1B = {
						CreatedOnToolsVersion = 7.2.1;
						LastSwiftMigration = 0830;
						ProvisioningStyle = Manual;
					};
				};
			};
			buildConfigurationList = 8AE53C261CAA1C72005BFA1B /* Build configuration list for PBXProject "bookshop_ios" */;
			compatibilityVersion = "Xcode 3.2";
			developmentRegion = English;
			hasScannedForEncodings = 0;
			knownRegions = (
				en,
				Base,
				ru,
				"zh-Hans",
				"zh-Hant",
			);
			mainGroup = 8AE53C221CAA1C72005BFA1B;
			productRefGroup = 8AE53C2C1CAA1C73005BFA1B /* Products */;
			projectDirPath = "";
			projectRoot = "";
			targets = (
				8AE53C2A1CAA1C72005BFA1B /* bookshop_ios */,
			);
		};
/* End PBXProject section */

/* Begin PBXResourcesBuildPhase section */
		8AE53C291CAA1C72005BFA1B /* Resources */ = {
			isa = PBXResourcesBuildPhase;
			buildActionMask = 2147483647;
			files = (
				8AE53C451CAA2C00005BFA1B /* library.pdf in Resources */,
				8A402D831CC5DB43007FA8A6 /* bookshop87.png in Resources */,
				8A2F4F591F57B48F007C00A4 /* petrkam1.jpg in Resources */,
				8A546AEE1CB74CC20090CFDA /* flag_us.pdf in Resources */,
				8A50B2231CCDFC20001AEC27 /* bookshop1024.jpg in Resources */,
				8A402DB61CC61DAD007FA8A6 /* MatinsFrstHr_Cover.jpg in Resources */,
				8AE53C491CAA2E7B005BFA1B /* mybooks.pdf in Resources */,
				8A402DB01CC61DAD007FA8A6 /* katechisis.jpg in Resources */,
				8A402DC01CC61DAD007FA8A6 /* stsl.jpg in Resources */,
				8A402D721CC5D4A7007FA8A6 /* launch-iphone4@2x.png in Resources */,
				8A402D6D1CC5D4A7007FA8A6 /* launch-hd5.5.png in Resources */,
				8A402DBC1CC61DAD007FA8A6 /* pravoslavie.jpg in Resources */,
				8A402DB21CC61DAD007FA8A6 /* litcover.jpg in Resources */,
				8A33B38F1CC38785003D6CE0 /* trans_zh_cn.plist in Resources */,
				8A402DC51CC61DAD007FA8A6 /* vespers1.jpg in Resources */,
				8A42A74A1CC7841B00114978 /* InfoPlist.strings in Resources */,
				8A3960B81CCA0EF9002F693B /* prayerbookSimpl.jpg in Resources */,
				8A402DAB1CC61DAD007FA8A6 /* damaskin.jpg in Resources */,
				8A3960B91CCA0EF9002F693B /* PrayerbookTrad.jpg in Resources */,
				8A402D861CC5DB43007FA8A6 /* bookshop180.png in Resources */,
				8A402D821CC5DB43007FA8A6 /* bookshop80.png in Resources */,
				8A402DBA1CC61DAD007FA8A6 /* oblog_prichastie_prit_3.jpg in Resources */,
				8A402D741CC5D4A7007FA8A6 /* launch-landscape@2x.png in Resources */,
				8A402DA81CC61DAD007FA8A6 /* baptism1.jpg in Resources */,
				8A402DC41CC61DAD007FA8A6 /* typica1.jpg in Resources */,
				8A402D6E1CC5D4A7007FA8A6 /* launch-ipad.png in Resources */,
				8A00960A1CB2555F005A2980 /* view_list.pdf in Resources */,
				8A402D6B1CC5D4A7007FA8A6 /* launch-hd4.7.png in Resources */,
				8A546AF21CB74F4D0090CFDA /* flag_cn.pdf in Resources */,
				8A465CC61CC4B8E800153973 /* trash.pdf in Resources */,
				8A402DB91CC61DAD007FA8A6 /* oblog_ispoved.jpg in Resources */,
				8A402D851CC5DB43007FA8A6 /* bookshop152.png in Resources */,
				8A402D6C1CC5D4A7007FA8A6 /* launch-hd5.5-landscape.png in Resources */,
				8A2F4F5A1F57B48F007C00A4 /* score.jpg in Resources */,
				8AE53C361CAA1C73005BFA1B /* Assets.xcassets in Resources */,
				8A402DB11CC61DAD007FA8A6 /* leaflets.jpg in Resources */,
				8A402DB41CC61DAD007FA8A6 /* LiturgyCover.jpg in Resources */,
				8A402DAF1CC61DAD007FA8A6 /* ispoved.jpg in Resources */,
				8A402D731CC5D4A7007FA8A6 /* launch-landscape.png in Resources */,
				8A402DB81CC61DAD007FA8A6 /* monahoscover_1.jpg in Resources */,
				8A402DBB1CC61DAD007FA8A6 /* obloga_ob5.jpg in Resources */,
				8A402D801CC5DB43007FA8A6 /* bookshop58.png in Resources */,
				8A402D6F1CC5D4A7007FA8A6 /* launch-ipad@2x.png in Resources */,
				8A2F4F5C1F57B48F007C00A4 /* Transfiguration.jpg in Resources */,
				8A402DAE1CC61DAD007FA8A6 /* HOURS_Cover.jpg in Resources */,
				8A402DC31CC61DAD007FA8A6 /* thanks1.jpg in Resources */,
				8A402D7E1CC5DB43007FA8A6 /* bookshop29.png in Resources */,
				8A33B38D1CC381AC003D6CE0 /* trans_ru.plist in Resources */,
				8A670FC11CBC944A00B27365 /* star.pdf in Resources */,
				8A402D841CC5DB43007FA8A6 /* bookshop120.png in Resources */,
				8A402DBE1CC61DAD007FA8A6 /* ServiceVespers.jpg in Resources */,
				8A402DC61CC61DAD007FA8A6 /* whoisjesus.jpg in Resources */,
				8A90A6E91F555A9200A4DECF /* GoogleService-Info.plist in Resources */,
				8A402DAD1CC61DAD007FA8A6 /* feasts1.jpg in Resources */,
				8A402DA91CC61DAD007FA8A6 /* cover_en1.jpg in Resources */,
				8A402DB31CC61DAD007FA8A6 /* liturguia.jpg in Resources */,
				8A546AF41CB74F4D0090CFDA /* flag_ru.pdf in Resources */,
				8A670FC81CBCE84800B27365 /* book_epub.pdf in Resources */,
				8A402DB51CC61DAD007FA8A6 /* maria1.jpg in Resources */,
				8A2F4F581F57B48F007C00A4 /* Obl_ep.JPG in Resources */,
				8A670FCE1CBCEF3A00B27365 /* menu_star.pdf in Resources */,
				8A546AF31CB74F4D0090CFDA /* flag_hk.pdf in Resources */,
				8A465CC51CC4B8E800153973 /* stop.pdf in Resources */,
				8A33B3911CC387B7003D6CE0 /* trans_zh_hk.plist in Resources */,
				8A402D7F1CC5DB43007FA8A6 /* bookshop40.png in Resources */,
				8A402D711CC5D4A7007FA8A6 /* launch-iphone4.png in Resources */,
				8A402DC21CC61DAD007FA8A6 /* sysoev2.jpg in Resources */,
				8A402DC71CC61DAD007FA8A6 /* Zhitia_optin1.jpg in Resources */,
				8A0096091CB2555F005A2980 /* view_grid.pdf in Resources */,
				8A2F4F5B1F57B48F007C00A4 /* Seraphim.jpg in Resources */,
				8A402DBF1CC61DAD007FA8A6 /* simeon1.jpg in Resources */,
				8A402DAA1CC61DAD007FA8A6 /* cover_ru1.jpg in Resources */,
				8AE53C471CAA2C32005BFA1B /* options.pdf in Resources */,
				8A402D811CC5DB43007FA8A6 /* bookshop76.png in Resources */,
				8A402D701CC5D4A7007FA8A6 /* launch-iphone@2x.png in Resources */,
				8AE53C341CAA1C73005BFA1B /* Main.storyboard in Resources */,
				8A402DBD1CC61DAD007FA8A6 /* sergiy.jpg in Resources */,
				8A402DAC1CC61DAD007FA8A6 /* EasterKanon.jpg in Resources */,
				8A402DC11CC61DAD007FA8A6 /* Synaxarion.jpg in Resources */,
				8A670FCC1CBCEDE800B27365 /* info.pdf in Resources */,
				8A670FCA1CBCEB5C00B27365 /* book_pdf.pdf in Resources */,
			);
			runOnlyForDeploymentPostprocessing = 0;
		};
/* End PBXResourcesBuildPhase section */

/* Begin PBXShellScriptBuildPhase section */
		818BFA45450163685899C681 /* [CP] Embed Pods Frameworks */ = {
			isa = PBXShellScriptBuildPhase;
			buildActionMask = 2147483647;
			files = (
			);
			inputPaths = (
			);
			name = "[CP] Embed Pods Frameworks";
			outputPaths = (
			);
			runOnlyForDeploymentPostprocessing = 0;
			shellPath = /bin/sh;
			shellScript = "\"${SRCROOT}/Pods/Target Support Files/Pods-bookshop_ios/Pods-bookshop_ios-frameworks.sh\"\n";
			showEnvVarsInLog = 0;
		};
		B815D7736EF9D5D90EA18F15 /* [CP] Copy Pods Resources */ = {
			isa = PBXShellScriptBuildPhase;
			buildActionMask = 2147483647;
			files = (
			);
			inputPaths = (
			);
			name = "[CP] Copy Pods Resources";
			outputPaths = (
			);
			runOnlyForDeploymentPostprocessing = 0;
			shellPath = /bin/sh;
			shellScript = "\"${SRCROOT}/Pods/Target Support Files/Pods-bookshop_ios/Pods-bookshop_ios-resources.sh\"\n";
			showEnvVarsInLog = 0;
		};
		EB7EE629A419310BF7154CA9 /* [CP] Check Pods Manifest.lock */ = {
			isa = PBXShellScriptBuildPhase;
			buildActionMask = 2147483647;
			files = (
			);
			inputPaths = (
			);
			name = "[CP] Check Pods Manifest.lock";
			outputPaths = (
			);
			runOnlyForDeploymentPostprocessing = 0;
			shellPath = /bin/sh;
			shellScript = "diff \"${PODS_ROOT}/../Podfile.lock\" \"${PODS_ROOT}/Manifest.lock\" > /dev/null\nif [ $? != 0 ] ; then\n    # print error to STDERR\n    echo \"error: The sandbox is not in sync with the Podfile.lock. Run 'pod install' or update your CocoaPods installation.\" >&2\n    exit 1\nfi\n";
			showEnvVarsInLog = 0;
		};
/* End PBXShellScriptBuildPhase section */

/* Begin PBXSourcesBuildPhase section */
		8AE53C271CAA1C72005BFA1B /* Sources */ = {
			isa = PBXSourcesBuildPhase;
			buildActionMask = 2147483647;
			files = (
				8A3960B31CC9D6C7002F693B /* Appirater.m in Sources */,
				8AE53C511CAA5FE0005BFA1B /* ViewController.swift in Sources */,
				8A20DF0B1CBE4F320087751D /* PreviewManager.swift in Sources */,
				8AE53C531CAA7191005BFA1B /* TableViewController.swift in Sources */,
				8AC4A97E1CB2257300C3907E /* RWLabel.swift in Sources */,
				8AE53C4F1CAA3328005BFA1B /* MainVC.swift in Sources */,
				8AE53C2F1CAA1C73005BFA1B /* AppDelegate.swift in Sources */,
				8A20DF061CBDE6AB0087751D /* DownloadManager.swift in Sources */,
				8AC4A9801CB2274300C3907E /* TableViewCell.swift in Sources */,
				8AE53C551CAA72BC005BFA1B /* CollectionViewController.swift in Sources */,
				8A1183EC1CBB942B00AA7C3E /* PopoverViewController.swift in Sources */,
				8AE53C4B1CAA2EDE005BFA1B /* Translate.swift in Sources */,
				8A546AEC1CB747F90090CFDA /* OptionsViewController.swift in Sources */,
				8A1183E71CBB43F300AA7C3E /* ActionManager.swift in Sources */,
				8AE53C4D1CAA2FEA005BFA1B /* Extensions.swift in Sources */,
				8AE43D501CAB75CD00B59632 /* Model.swift in Sources */,
				8A00960C1CB261FD005A2980 /* CollectionViewCell.swift in Sources */,
				8AE8D98B1CB3CEAE00B8D339 /* DetailsViewController.swift in Sources */,
			);
			runOnlyForDeploymentPostprocessing = 0;
		};
/* End PBXSourcesBuildPhase section */

/* Begin PBXVariantGroup section */
		8A42A74C1CC7841B00114978 /* InfoPlist.strings */ = {
			isa = PBXVariantGroup;
			children = (
				8A42A74B1CC7841B00114978 /* Base */,
				8A42A74D1CC7845100114978 /* ru */,
				8A42A74E1CC7865400114978 /* zh-Hans */,
				8A42A74F1CC7865D00114978 /* zh-Hant */,
			);
			name = InfoPlist.strings;
			sourceTree = "<group>";
		};
		8AE53C321CAA1C73005BFA1B /* Main.storyboard */ = {
			isa = PBXVariantGroup;
			children = (
				8AE53C331CAA1C73005BFA1B /* Base */,
			);
			name = Main.storyboard;
			sourceTree = "<group>";
		};
/* End PBXVariantGroup section */

/* Begin XCBuildConfiguration section */
		8AE53C3B1CAA1C73005BFA1B /* Debug */ = {
			isa = XCBuildConfiguration;
			buildSettings = {
				ALWAYS_SEARCH_USER_PATHS = NO;
				CLANG_CXX_LANGUAGE_STANDARD = "gnu++0x";
				CLANG_CXX_LIBRARY = "libc++";
				CLANG_ENABLE_MODULES = YES;
				CLANG_ENABLE_OBJC_ARC = YES;
				CLANG_WARN_BOOL_CONVERSION = YES;
				CLANG_WARN_CONSTANT_CONVERSION = YES;
				CLANG_WARN_DIRECT_OBJC_ISA_USAGE = YES_ERROR;
				CLANG_WARN_EMPTY_BODY = YES;
				CLANG_WARN_ENUM_CONVERSION = YES;
				CLANG_WARN_INT_CONVERSION = YES;
				CLANG_WARN_OBJC_ROOT_CLASS = YES_ERROR;
				CLANG_WARN_UNREACHABLE_CODE = YES;
				CLANG_WARN__DUPLICATE_METHOD_MATCH = YES;
				CODE_SIGN_IDENTITY = "iPhone Distribution";
				"CODE_SIGN_IDENTITY[sdk=iphoneos*]" = "iPhone Distribution";
				COPY_PHASE_STRIP = NO;
				DEBUG_INFORMATION_FORMAT = dwarf;
				ENABLE_STRICT_OBJC_MSGSEND = YES;
				ENABLE_TESTABILITY = YES;
				GCC_C_LANGUAGE_STANDARD = gnu99;
				GCC_DYNAMIC_NO_PIC = NO;
				GCC_NO_COMMON_BLOCKS = YES;
				GCC_OPTIMIZATION_LEVEL = 0;
				GCC_PREPROCESSOR_DEFINITIONS = (
					"DEBUG=1",
					"$(inherited)",
				);
				GCC_WARN_64_TO_32_BIT_CONVERSION = YES;
				GCC_WARN_ABOUT_RETURN_TYPE = YES_ERROR;
				GCC_WARN_UNDECLARED_SELECTOR = YES;
				GCC_WARN_UNINITIALIZED_AUTOS = YES_AGGRESSIVE;
				GCC_WARN_UNUSED_FUNCTION = YES;
				GCC_WARN_UNUSED_VARIABLE = YES;
				IPHONEOS_DEPLOYMENT_TARGET = 8.0;
				MTL_ENABLE_DEBUG_INFO = YES;
				ONLY_ACTIVE_ARCH = YES;
				SDKROOT = iphoneos;
				SWIFT_OPTIMIZATION_LEVEL = "-Onone";
				TARGETED_DEVICE_FAMILY = "1,2";
			};
			name = Debug;
		};
		8AE53C3C1CAA1C73005BFA1B /* Release */ = {
			isa = XCBuildConfiguration;
			buildSettings = {
				ALWAYS_SEARCH_USER_PATHS = NO;
				CLANG_CXX_LANGUAGE_STANDARD = "gnu++0x";
				CLANG_CXX_LIBRARY = "libc++";
				CLANG_ENABLE_MODULES = YES;
				CLANG_ENABLE_OBJC_ARC = YES;
				CLANG_WARN_BOOL_CONVERSION = YES;
				CLANG_WARN_CONSTANT_CONVERSION = YES;
				CLANG_WARN_DIRECT_OBJC_ISA_USAGE = YES_ERROR;
				CLANG_WARN_EMPTY_BODY = YES;
				CLANG_WARN_ENUM_CONVERSION = YES;
				CLANG_WARN_INT_CONVERSION = YES;
				CLANG_WARN_OBJC_ROOT_CLASS = YES_ERROR;
				CLANG_WARN_UNREACHABLE_CODE = YES;
				CLANG_WARN__DUPLICATE_METHOD_MATCH = YES;
				CODE_SIGN_IDENTITY = "iPhone Distribution";
				"CODE_SIGN_IDENTITY[sdk=iphoneos*]" = "iPhone Distribution";
				COPY_PHASE_STRIP = NO;
				DEBUG_INFORMATION_FORMAT = "dwarf-with-dsym";
				ENABLE_NS_ASSERTIONS = NO;
				ENABLE_STRICT_OBJC_MSGSEND = YES;
				GCC_C_LANGUAGE_STANDARD = gnu99;
				GCC_NO_COMMON_BLOCKS = YES;
				GCC_WARN_64_TO_32_BIT_CONVERSION = YES;
				GCC_WARN_ABOUT_RETURN_TYPE = YES_ERROR;
				GCC_WARN_UNDECLARED_SELECTOR = YES;
				GCC_WARN_UNINITIALIZED_AUTOS = YES_AGGRESSIVE;
				GCC_WARN_UNUSED_FUNCTION = YES;
				GCC_WARN_UNUSED_VARIABLE = YES;
				IPHONEOS_DEPLOYMENT_TARGET = 8.0;
				MTL_ENABLE_DEBUG_INFO = NO;
				SDKROOT = iphoneos;
				TARGETED_DEVICE_FAMILY = "1,2";
				VALIDATE_PRODUCT = YES;
			};
			name = Release;
		};
		8AE53C3E1CAA1C73005BFA1B /* Debug */ = {
			isa = XCBuildConfiguration;
			baseConfigurationReference = F249C964C007C65A44BC4DE6 /* Pods-bookshop_ios.debug.xcconfig */;
			buildSettings = {
				ASSETCATALOG_COMPILER_APPICON_NAME = AppIcon;
				ASSETCATALOG_COMPILER_LAUNCHIMAGE_NAME = LaunchImage;
				CODE_SIGN_IDENTITY = "iPhone Developer";
				"CODE_SIGN_IDENTITY[sdk=iphoneos*]" = "iPhone Developer";
				DEVELOPMENT_TEAM = "";
				INFOPLIST_FILE = bookshop_ios/Info.plist;
				LD_RUNPATH_SEARCH_PATHS = "$(inherited) @executable_path/Frameworks";
				LIBRARY_SEARCH_PATHS = (
					"$(inherited)",
					"$(PROJECT_DIR)/build/Debug-iphoneos",
				);
				PRODUCT_BUNDLE_IDENTIFIER = "com.rlc.bookshop-ios";
				PRODUCT_NAME = "$(TARGET_NAME)";
				PROVISIONING_PROFILE = "";
				PROVISIONING_PROFILE_SPECIFIER = "";
				SWIFT_OBJC_BRIDGING_HEADER = "bookshop_ios/bookshop_ios-Bridging-Header.h";
				SWIFT_VERSION = 3.0;
			};
			name = Debug;
		};
		8AE53C3F1CAA1C73005BFA1B /* Release */ = {
			isa = XCBuildConfiguration;
			baseConfigurationReference = 58DDB0813C9F9842F6E4CC04 /* Pods-bookshop_ios.release.xcconfig */;
			buildSettings = {
				ASSETCATALOG_COMPILER_APPICON_NAME = AppIcon;
				ASSETCATALOG_COMPILER_LAUNCHIMAGE_NAME = LaunchImage;
				CODE_SIGN_IDENTITY = "iPhone Developer";
				"CODE_SIGN_IDENTITY[sdk=iphoneos*]" = "iPhone Distribution";
				DEVELOPMENT_TEAM = 3NQ697ND22;
				INFOPLIST_FILE = bookshop_ios/Info.plist;
				LD_RUNPATH_SEARCH_PATHS = "$(inherited) @executable_path/Frameworks";
				LIBRARY_SEARCH_PATHS = (
					"$(inherited)",
					"$(PROJECT_DIR)/build/Debug-iphoneos",
				);
				PRODUCT_BUNDLE_IDENTIFIER = "com.rlc.bookshop-ios";
				PRODUCT_NAME = "$(TARGET_NAME)";
				PROVISIONING_PROFILE = "b52e4992-4f9a-4eb9-83bc-13c6b1cd972d";
				PROVISIONING_PROFILE_SPECIFIER = cal2;
				SWIFT_OBJC_BRIDGING_HEADER = "bookshop_ios/bookshop_ios-Bridging-Header.h";
				SWIFT_VERSION = 3.0;
			};
			name = Release;
		};
/* End XCBuildConfiguration section */

/* Begin XCConfigurationList section */
		8AE53C261CAA1C72005BFA1B /* Build configuration list for PBXProject "bookshop_ios" */ = {
			isa = XCConfigurationList;
			buildConfigurations = (
				8AE53C3B1CAA1C73005BFA1B /* Debug */,
				8AE53C3C1CAA1C73005BFA1B /* Release */,
			);
			defaultConfigurationIsVisible = 0;
			defaultConfigurationName = Release;
		};
		8AE53C3D1CAA1C73005BFA1B /* Build configuration list for PBXNativeTarget "bookshop_ios" */ = {
			isa = XCConfigurationList;
			buildConfigurations = (
				8AE53C3E1CAA1C73005BFA1B /* Debug */,
				8AE53C3F1CAA1C73005BFA1B /* Release */,
			);
			defaultConfigurationIsVisible = 0;
			defaultConfigurationName = Release;
		};
/* End XCConfigurationList section */
	};
	rootObject = 8AE53C231CAA1C72005BFA1B /* Project object */;
}
