// !$*UTF8*$!
{
	archiveVersion = 1;
	classes = {
	};
	objectVersion = 46;
	objects = {

/* Begin PBXBuildFile section */
		8AE53C2F1CAA1C73005BFA1B /* AppDelegate.swift in Sources */ = {isa = PBXBuildFile; fileRef = 8AE53C2E1CAA1C73005BFA1B /* AppDelegate.swift */; };
		8AE53C311CAA1C73005BFA1B /* ViewController.swift in Sources */ = {isa = PBXBuildFile; fileRef = 8AE53C301CAA1C73005BFA1B /* ViewController.swift */; };
		8AE53C341CAA1C73005BFA1B /* Main.storyboard in Resources */ = {isa = PBXBuildFile; fileRef = 8AE53C321CAA1C73005BFA1B /* Main.storyboard */; };
		8AE53C361CAA1C73005BFA1B /* Assets.xcassets in Resources */ = {isa = PBXBuildFile; fileRef = 8AE53C351CAA1C73005BFA1B /* Assets.xcassets */; };
		8AE53C391CAA1C73005BFA1B /* LaunchScreen.storyboard in Resources */ = {isa = PBXBuildFile; fileRef = 8AE53C371CAA1C73005BFA1B /* LaunchScreen.storyboard */; };
/* End PBXBuildFile section */

/* Begin PBXFileReference section */
		8AE53C2B1CAA1C73005BFA1B /* bookshop_ios.app */ = {isa = PBXFileReference; explicitFileType = wrapper.application; includeInIndex = 0; path = bookshop_ios.app; sourceTree = BUILT_PRODUCTS_DIR; };
		8AE53C2E1CAA1C73005BFA1B /* AppDelegate.swift */ = {isa = PBXFileReference; lastKnownFileType = sourcecode.swift; path = AppDelegate.swift; sourceTree = "<group>"; };
		8AE53C301CAA1C73005BFA1B /* ViewController.swift */ = {isa = PBXFileReference; lastKnownFileType = sourcecode.swift; path = ViewController.swift; sourceTree = "<group>"; };
		8AE53C331CAA1C73005BFA1B /* Base */ = {isa = PBXFileReference; lastKnownFileType = file.storyboard; name = Base; path = Base.lproj/Main.storyboard; sourceTree = "<group>"; };
		8AE53C351CAA1C73005BFA1B /* Assets.xcassets */ = {isa = PBXFileReference; lastKnownFileType = folder.assetcatalog; path = Assets.xcassets; sourceTree = "<group>"; };
		8AE53C381CAA1C73005BFA1B /* Base */ = {isa = PBXFileReference; lastKnownFileType = file.storyboard; name = Base; path = Base.lproj/LaunchScreen.storyboard; sourceTree = "<group>"; };
		8AE53C3A1CAA1C73005BFA1B /* Info.plist */ = {isa = PBXFileReference; lastKnownFileType = text.plist.xml; path = Info.plist; sourceTree = "<group>"; };
/* End PBXFileReference section */

/* Begin PBXFrameworksBuildPhase section */
		8AE53C281CAA1C72005BFA1B /* Frameworks */ = {
			isa = PBXFrameworksBuildPhase;
			buildActionMask = 2147483647;
			files = (
			);
			runOnlyForDeploymentPostprocessing = 0;
		};
/* End PBXFrameworksBuildPhase section */

/* Begin PBXGroup section */
		8AE53C221CAA1C72005BFA1B = {
			isa = PBXGroup;
			children = (
				8AE53C2D1CAA1C73005BFA1B /* bookshop_ios */,
				8AE53C2C1CAA1C73005BFA1B /* Products */,
			);
			sourceTree = "<group>";
		};
		8AE53C2C1CAA1C73005BFA1B /* Products */ = {
			isa = PBXGroup;
			children = (
				8AE53C2B1CAA1C73005BFA1B /* bookshop_ios.app */,
			);
			name = Products;
			sourceTree = "<group>";
		};
		8AE53C2D1CAA1C73005BFA1B /* bookshop_ios */ = {
			isa = PBXGroup;
			children = (
				8AE53C2E1CAA1C73005BFA1B /* AppDelegate.swift */,
				8AE53C301CAA1C73005BFA1B /* ViewController.swift */,
				8AE53C321CAA1C73005BFA1B /* Main.storyboard */,
				8AE53C351CAA1C73005BFA1B /* Assets.xcassets */,
				8AE53C371CAA1C73005BFA1B /* LaunchScreen.storyboard */,
				8AE53C3A1CAA1C73005BFA1B /* Info.plist */,
			);
			path = bookshop_ios;
			sourceTree = "<group>";
		};
/* End PBXGroup section */

/* Begin PBXNativeTarget section */
		8AE53C2A1CAA1C72005BFA1B /* bookshop_ios */ = {
			isa = PBXNativeTarget;
			buildConfigurationList = 8AE53C3D1CAA1C73005BFA1B /* Build configuration list for PBXNativeTarget "bookshop_ios" */;
			buildPhases = (
				8AE53C271CAA1C72005BFA1B /* Sources */,
				8AE53C281CAA1C72005BFA1B /* Frameworks */,
				8AE53C291CAA1C72005BFA1B /* Resources */,
			);
			buildRules = (
			);
			dependencies = (
			);
			name = bookshop_ios;
			productName = bookshop_ios;
			productReference = 8AE53C2B1CAA1C73005BFA1B /* bookshop_ios.app */;
			productType = "com.apple.product-type.application";
		};
/* End PBXNativeTarget section */

/* Begin PBXProject section */
		8AE53C231CAA1C72005BFA1B /* Project object */ = {
			isa = PBXProject;
			attributes = {
				LastSwiftUpdateCheck = 0720;
				LastUpgradeCheck = 0720;
				ORGANIZATIONNAME = "Alexey Smirnov";
				TargetAttributes = {
					8AE53C2A1CAA1C72005BFA1B = {
						CreatedOnToolsVersion = 7.2.1;
					};
				};
			};
			buildConfigurationList = 8AE53C261CAA1C72005BFA1B /* Build configuration list for PBXProject "bookshop_ios" */;
			compatibilityVersion = "Xcode 3.2";
			developmentRegion = English;
			hasScannedForEncodings = 0;
			knownRegions = (
				en,
				Base,
			);
			mainGroup = 8AE53C221CAA1C72005BFA1B;
			productRefGroup = 8AE53C2C1CAA1C73005BFA1B /* Products */;
			projectDirPath = "";
			projectRoot = "";
			targets = (
				8AE53C2A1CAA1C72005BFA1B /* bookshop_ios */,
			);
		};
/* End PBXProject section */

/* Begin PBXResourcesBuildPhase section */
		8AE53C291CAA1C72005BFA1B /* Resources */ = {
			isa = PBXResourcesBuildPhase;
			buildActionMask = 2147483647;
			files = (
				8AE53C391CAA1C73005BFA1B /* LaunchScreen.storyboard in Resources */,
				8AE53C361CAA1C73005BFA1B /* Assets.xcassets in Resources */,
				8AE53C341CAA1C73005BFA1B /* Main.storyboard in Resources */,
			);
			runOnlyForDeploymentPostprocessing = 0;
		};
/* End PBXResourcesBuildPhase section */

/* Begin PBXSourcesBuildPhase section */
		8AE53C271CAA1C72005BFA1B /* Sources */ = {
			isa = PBXSourcesBuildPhase;
			buildActionMask = 2147483647;
			files = (
				8AE53C311CAA1C73005BFA1B /* ViewController.swift in Sources */,
				8AE53C2F1CAA1C73005BFA1B /* AppDelegate.swift in Sources */,
			);
			runOnlyForDeploymentPostprocessing = 0;
		};
/* End PBXSourcesBuildPhase section */

/* Begin PBXVariantGroup section */
		8AE53C321CAA1C73005BFA1B /* Main.storyboard */ = {
			isa = PBXVariantGroup;
			children = (
				8AE53C331CAA1C73005BFA1B /* Base */,
			);
			name = Main.storyboard;
			sourceTree = "<group>";
		};
		8AE53C371CAA1C73005BFA1B /* LaunchScreen.storyboard */ = {
			isa = PBXVariantGroup;
			children = (
				8AE53C381CAA1C73005BFA1B /* Base */,
			);
			name = LaunchScreen.storyboard;
			sourceTree = "<group>";
		};
/* End PBXVariantGroup section */

/* Begin XCBuildConfiguration section */
		8AE53C3B1CAA1C73005BFA1B /* Debug */ = {
			isa = XCBuildConfiguration;
			buildSettings = {
				ALWAYS_SEARCH_USER_PATHS = NO;
				CLANG_CXX_LANGUAGE_STANDARD = "gnu++0x";
				CLANG_CXX_LIBRARY = "libc++";
				CLANG_ENABLE_MODULES = YES;
				CLANG_ENABLE_OBJC_ARC = YES;
				CLANG_WARN_BOOL_CONVERSION = YES;
				CLANG_WARN_CONSTANT_CONVERSION = YES;
				CLANG_WARN_DIRECT_OBJC_ISA_USAGE = YES_ERROR;
				CLANG_WARN_EMPTY_BODY = YES;
				CLANG_WARN_ENUM_CONVERSION = YES;
				CLANG_WARN_INT_CONVERSION = YES;
				CLANG_WARN_OBJC_ROOT_CLASS = YES_ERROR;
				CLANG_WARN_UNREACHABLE_CODE = YES;
				CLANG_WARN__DUPLICATE_METHOD_MATCH = YES;
				"CODE_SIGN_IDENTITY[sdk=iphoneos*]" = "iPhone Developer";
				COPY_PHASE_STRIP = NO;
				DEBUG_INFORMATION_FORMAT = dwarf;
				ENABLE_STRICT_OBJC_MSGSEND = YES;
				ENABLE_TESTABILITY = YES;
				GCC_C_LANGUAGE_STANDARD = gnu99;
				GCC_DYNAMIC_NO_PIC = NO;
				GCC_NO_COMMON_BLOCKS = YES;
				GCC_OPTIMIZATION_LEVEL = 0;
				GCC_PREPROCESSOR_DEFINITIONS = (
					"DEBUG=1",
					"$(inherited)",
				);
				GCC_WARN_64_TO_32_BIT_CONVERSION = YES;
				GCC_WARN_ABOUT_RETURN_TYPE = YES_ERROR;
				GCC_WARN_UNDECLARED_SELECTOR = YES;
				GCC_WARN_UNINITIALIZED_AUTOS = YES_AGGRESSIVE;
				GCC_WARN_UNUSED_FUNCTION = YES;
				GCC_WARN_UNUSED_VARIABLE = YES;
				IPHONEOS_DEPLOYMENT_TARGET = 9.2;
				MTL_ENABLE_DEBUG_INFO = YES;
				ONLY_ACTIVE_ARCH = YES;
				SDKROOT = iphoneos;
				SWIFT_OPTIMIZATION_LEVEL = "-Onone";
				TARGETED_DEVICE_FAMILY = "1,2";
			};
			name = Debug;
		};
		8AE53C3C1CAA1C73005BFA1B /* Release */ = {
			isa = XCBuildConfiguration;
			buildSettings = {
				ALWAYS_SEARCH_USER_PATHS = NO;
				CLANG_CXX_LANGUAGE_STANDARD = "gnu++0x";
				CLANG_CXX_LIBRARY = "libc++";
				CLANG_ENABLE_MODULES = YES;
				CLANG_ENABLE_OBJC_ARC = YES;
				CLANG_WARN_BOOL_CONVERSION = YES;
				CLANG_WARN_CONSTANT_CONVERSION = YES;
				CLANG_WARN_DIRECT_OBJC_ISA_USAGE = YES_ERROR;
				CLANG_WARN_EMPTY_BODY = YES;
				CLANG_WARN_ENUM_CONVERSION = YES;
				CLANG_WARN_INT_CONVERSION = YES;
				CLANG_WARN_OBJC_ROOT_CLASS = YES_ERROR;
				CLANG_WARN_UNREACHABLE_CODE = YES;
				CLANG_WARN__DUPLICATE_METHOD_MATCH = YES;
				"CODE_SIGN_IDENTITY[sdk=iphoneos*]" = "iPhone Developer";
				COPY_PHASE_STRIP = NO;
				DEBUG_INFORMATION_FORMAT = "dwarf-with-dsym";
				ENABLE_NS_ASSERTIONS = NO;
				ENABLE_STRICT_OBJC_MSGSEND = YES;
				GCC_C_LANGUAGE_STANDARD = gnu99;
				GCC_NO_COMMON_BLOCKS = YES;
				GCC_WARN_64_TO_32_BIT_CONVERSION = YES;
				GCC_WARN_ABOUT_RETURN_TYPE = YES_ERROR;
				GCC_WARN_UNDECLARED_SELECTOR = YES;
				GCC_WARN_UNINITIALIZED_AUTOS = YES_AGGRESSIVE;
				GCC_WARN_UNUSED_FUNCTION = YES;
				GCC_WARN_UNUSED_VARIABLE = YES;
				IPHONEOS_DEPLOYMENT_TARGET = 9.2;
				MTL_ENABLE_DEBUG_INFO = NO;
				SDKROOT = iphoneos;
				TARGETED_DEVICE_FAMILY = "1,2";
				VALIDATE_PRODUCT = YES;
			};
			name = Release;
		};
		8AE53C3E1CAA1C73005BFA1B /* Debug */ = {
			isa = XCBuildConfiguration;
			buildSettings = {
				ASSETCATALOG_COMPILER_APPICON_NAME = AppIcon;
				INFOPLIST_FILE = bookshop_ios/Info.plist;
				LD_RUNPATH_SEARCH_PATHS = "$(inherited) @executable_path/Frameworks";
				PRODUCT_BUNDLE_IDENTIFIER = "com.rlc.bookshop-ios";
				PRODUCT_NAME = "$(TARGET_NAME)";
			};
			name = Debug;
		};
		8AE53C3F1CAA1C73005BFA1B /* Release */ = {
			isa = XCBuildConfiguration;
			buildSettings = {
				ASSETCATALOG_COMPILER_APPICON_NAME = AppIcon;
				INFOPLIST_FILE = bookshop_ios/Info.plist;
				LD_RUNPATH_SEARCH_PATHS = "$(inherited) @executable_path/Frameworks";
				PRODUCT_BUNDLE_IDENTIFIER = "com.rlc.bookshop-ios";
				PRODUCT_NAME = "$(TARGET_NAME)";
			};
			name = Release;
		};
/* End XCBuildConfiguration section */

/* Begin XCConfigurationList section */
		8AE53C261CAA1C72005BFA1B /* Build configuration list for PBXProject "bookshop_ios" */ = {
			isa = XCConfigurationList;
			buildConfigurations = (
				8AE53C3B1CAA1C73005BFA1B /* Debug */,
				8AE53C3C1CAA1C73005BFA1B /* Release */,
			);
			defaultConfigurationIsVisible = 0;
			defaultConfigurationName = Release;
		};
		8AE53C3D1CAA1C73005BFA1B /* Build configuration list for PBXNativeTarget "bookshop_ios" */ = {
			isa = XCConfigurationList;
			buildConfigurations = (
				8AE53C3E1CAA1C73005BFA1B /* Debug */,
				8AE53C3F1CAA1C73005BFA1B /* Release */,
			);
			defaultConfigurationIsVisible = 0;
		};
/* End XCConfigurationList section */
	};
	rootObject = 8AE53C231CAA1C72005BFA1B /* Project object */;
}
